{
  "version": 4,
  "terraform_version": "1.6.6",
  "serial": 397,
  "lineage": "720140dd-bbd1-93ab-a7e3-b705d37c379b",
  "outputs": {},
  "resources": [
    {
      "module": "module.control-plane",
      "mode": "data",
      "type": "template_file",
      "name": "meta_data",
      "provider": "provider[\"registry.terraform.io/hashicorp/template\"]",
      "instances": [
        {
          "schema_version": 0,
          "attributes": {
            "filename": null,
            "id": "b36f4484fbcf5fd7daef8b88943f9d549f14e57e6c84f6dbc3c10e026fab3948",
            "rendered": "instance-id: control_plane \nlocal-hostname: control_plane\n",
            "template": "instance-id: control_plane \nlocal-hostname: control_plane\n",
            "vars": null
          },
          "sensitive_attributes": []
        }
      ]
    },
    {
      "module": "module.control-plane",
      "mode": "data",
      "type": "template_file",
      "name": "user_data",
      "provider": "provider[\"registry.terraform.io/hashicorp/template\"]",
      "instances": [
        {
          "schema_version": 0,
          "attributes": {
            "filename": null,
            "id": "4e6ed5502a011e8946e43a7531d84978e58fbf3cdce9ef8378d45b7ef0543203",
            "rendered": "#cloud-config\nusers:\n  - cloud-user\n  - name: ans_mariusz\n    sudo: [\"ALL=(ALL) NOPASSWD:ALL\"]\n    groups: wheel,adm,systemd-journal\n    ssh_pwauth: True\n    ssh_authorized_keys:\n      - ssh-rsa AAAAB3NzaC1yc2EAAAADAQABAAABgQD3GyqLWlUbviexTeQ89n5zUkCNroo56t30KI50Tb5ubzp0bb6UOWqE/qzOiWfG29tnygpHuhRRV+PLIgEVvl2blnJUcYgM4R/6oc8q5eCqXduSJnqmnrE+wcF4fsnQXYtfRW34l38OMGBdFHLW6RFgfIowbgUSrOIFTBkDFcaWKgWeIM7Wkemtr9WIZRm8y4bkaU2Ahz9EzydcOeFMWW8+QqXQmVG1ey/RfhHA5MnZ41hPpvUNHXm/NdBfiujqkwdMXhDqpnbYDSXIHYaq/rbv6Es7mb+KPcOfxNJMv8r1/gyS//0WZ7rFNcRswymdB5b8oNuPmhynDaWdFSrDFxIUd5n4AgvGoTIBMUGN1Zti6noe0FKe/3ZXcEw+qeSBrHZFs3TxV0V6tnv4Oe9rT7thzzPoR1cb+mgauiiKnhelK/0mFbqf/9K2CFVzls7gAwjYCR9WWuBIME/Av6os5+frKay6aWV3ABfFK+xLPHO4Fbe9Z0sHJm2OV1cRLc5c0fs= mariusz@localhost.localdomain\nchpasswd:\n  list: |\n    root:password\n    cloud-user:mypassword\n    ans_mariusz:mypassword\n  expire: False\nruncmd:\n  - nmcli connection add con-name \"MyConnection\" ifname eth0 type ethernet ip4 192.168.1.10/24 gw4 192.168.1.1\n  - nmcli connection up \"MyConnection\"\n  - echo New MOTD2 \u003e\u003e /etc/motd\n",
            "template": "#cloud-config\nusers:\n  - cloud-user\n  - name: ans_mariusz\n    sudo: [\"ALL=(ALL) NOPASSWD:ALL\"]\n    groups: wheel,adm,systemd-journal\n    ssh_pwauth: True\n    ssh_authorized_keys:\n      - ssh-rsa AAAAB3NzaC1yc2EAAAADAQABAAABgQD3GyqLWlUbviexTeQ89n5zUkCNroo56t30KI50Tb5ubzp0bb6UOWqE/qzOiWfG29tnygpHuhRRV+PLIgEVvl2blnJUcYgM4R/6oc8q5eCqXduSJnqmnrE+wcF4fsnQXYtfRW34l38OMGBdFHLW6RFgfIowbgUSrOIFTBkDFcaWKgWeIM7Wkemtr9WIZRm8y4bkaU2Ahz9EzydcOeFMWW8+QqXQmVG1ey/RfhHA5MnZ41hPpvUNHXm/NdBfiujqkwdMXhDqpnbYDSXIHYaq/rbv6Es7mb+KPcOfxNJMv8r1/gyS//0WZ7rFNcRswymdB5b8oNuPmhynDaWdFSrDFxIUd5n4AgvGoTIBMUGN1Zti6noe0FKe/3ZXcEw+qeSBrHZFs3TxV0V6tnv4Oe9rT7thzzPoR1cb+mgauiiKnhelK/0mFbqf/9K2CFVzls7gAwjYCR9WWuBIME/Av6os5+frKay6aWV3ABfFK+xLPHO4Fbe9Z0sHJm2OV1cRLc5c0fs= mariusz@localhost.localdomain\nchpasswd:\n  list: |\n    root:password\n    cloud-user:mypassword\n    ans_mariusz:mypassword\n  expire: False\nruncmd:\n  - nmcli connection add con-name \"MyConnection\" ifname eth0 type ethernet ip4 192.168.1.10/24 gw4 192.168.1.1\n  - nmcli connection up \"MyConnection\"\n  - echo New MOTD2 \u003e\u003e /etc/motd\n",
            "vars": null
          },
          "sensitive_attributes": []
        }
      ]
    },
    {
      "module": "module.control-plane",
      "mode": "managed",
      "type": "libvirt_cloudinit_disk",
      "name": "commoninit",
      "provider": "module.control-plane.provider[\"registry.terraform.io/dmacvicar/libvirt\"]",
      "instances": [
        {
          "schema_version": 0,
          "attributes": {
            "id": "/var/lib/libvirt/images/commoninit.iso;50aaf9ad-5e49-48ed-b4c2-4d8c570fae73",
            "meta_data": "instance-id: control_plane \nlocal-hostname: control_plane\n",
            "name": "commoninit.iso",
            "network_config": "",
            "pool": "default",
            "user_data": "#cloud-config\nusers:\n  - cloud-user\n  - name: ans_mariusz\n    sudo: [\"ALL=(ALL) NOPASSWD:ALL\"]\n    groups: wheel,adm,systemd-journal\n    ssh_pwauth: True\n    ssh_authorized_keys:\n      - ssh-rsa AAAAB3NzaC1yc2EAAAADAQABAAABgQD3GyqLWlUbviexTeQ89n5zUkCNroo56t30KI50Tb5ubzp0bb6UOWqE/qzOiWfG29tnygpHuhRRV+PLIgEVvl2blnJUcYgM4R/6oc8q5eCqXduSJnqmnrE+wcF4fsnQXYtfRW34l38OMGBdFHLW6RFgfIowbgUSrOIFTBkDFcaWKgWeIM7Wkemtr9WIZRm8y4bkaU2Ahz9EzydcOeFMWW8+QqXQmVG1ey/RfhHA5MnZ41hPpvUNHXm/NdBfiujqkwdMXhDqpnbYDSXIHYaq/rbv6Es7mb+KPcOfxNJMv8r1/gyS//0WZ7rFNcRswymdB5b8oNuPmhynDaWdFSrDFxIUd5n4AgvGoTIBMUGN1Zti6noe0FKe/3ZXcEw+qeSBrHZFs3TxV0V6tnv4Oe9rT7thzzPoR1cb+mgauiiKnhelK/0mFbqf/9K2CFVzls7gAwjYCR9WWuBIME/Av6os5+frKay6aWV3ABfFK+xLPHO4Fbe9Z0sHJm2OV1cRLc5c0fs= mariusz@localhost.localdomain\nchpasswd:\n  list: |\n    root:password\n    cloud-user:mypassword\n    ans_mariusz:mypassword\n  expire: False\nruncmd:\n  - nmcli connection add con-name \"MyConnection\" ifname eth0 type ethernet ip4 192.168.1.10/24 gw4 192.168.1.1\n  - nmcli connection up \"MyConnection\"\n  - echo New MOTD2 \u003e\u003e /etc/motd\n"
          },
          "sensitive_attributes": [],
          "private": "bnVsbA==",
          "dependencies": [
            "module.control-plane.data.template_file.meta_data",
            "module.control-plane.data.template_file.user_data"
          ]
        }
      ]
    },
    {
      "module": "module.control-plane",
      "mode": "managed",
      "type": "libvirt_domain",
      "name": "control_plane",
      "provider": "module.control-plane.provider[\"registry.terraform.io/dmacvicar/libvirt\"]",
      "instances": [
        {
          "schema_version": 0,
          "attributes": {
            "arch": "x86_64",
            "autostart": false,
            "boot_device": [],
            "cloudinit": "/var/lib/libvirt/images/commoninit.iso;50aaf9ad-5e49-48ed-b4c2-4d8c570fae73",
            "cmdline": null,
            "console": [
              {
                "source_host": "127.0.0.1",
                "source_path": "",
                "source_service": "0",
                "target_port": "0",
                "target_type": "serial",
                "type": "pty"
              }
            ],
            "coreos_ignition": null,
            "cpu": [
              {
                "mode": "custom"
              }
            ],
            "description": "",
            "disk": [
              {
                "block_device": "",
                "file": "",
                "scsi": false,
                "url": "",
                "volume_id": "/var/lib/libvirt/images/control_plane",
                "wwn": ""
              },
              {
                "block_device": "",
                "file": "",
                "scsi": false,
                "url": "",
                "volume_id": "/var/lib/libvirt/images/example-vm-disk",
                "wwn": ""
              }
            ],
            "emulator": "/usr/libexec/qemu-kvm",
            "filesystem": [],
            "firmware": null,
            "fw_cfg_name": "opt/com.coreos/config",
            "graphics": [
              {
                "autoport": true,
                "listen_address": "127.0.0.1",
                "listen_type": "none",
                "type": "vnc",
                "websocket": 0
              }
            ],
            "id": "367f8dbd-617a-4aad-93c5-7d8f1ade0bb5",
            "initrd": "",
            "kernel": "",
            "machine": "pc",
            "memory": 2024,
            "metadata": null,
            "name": "control_plane",
            "network_interface": [
              {
                "addresses": [],
                "bridge": "",
                "hostname": "",
                "mac": "52:54:00:BE:FC:DB",
                "macvtap": "",
                "network_id": "9556e060-a727-43ef-b5b3-9619c1a0c9ea",
                "network_name": "internal",
                "passthrough": "",
                "vepa": "",
                "wait_for_lease": false
              }
            ],
            "nvram": [],
            "qemu_agent": false,
            "running": true,
            "timeouts": null,
            "tpm": [],
            "type": "kvm",
            "vcpu": 1,
            "video": [],
            "xml": []
          },
          "sensitive_attributes": [],
          "private": "eyJlMmJmYjczMC1lY2FhLTExZTYtOGY4OC0zNDM2M2JjN2M0YzAiOnsiY3JlYXRlIjozMDAwMDAwMDAwMDB9fQ==",
          "dependencies": [
            "module.control-plane.data.template_file.meta_data",
            "module.control-plane.data.template_file.user_data",
            "module.control-plane.libvirt_cloudinit_disk.commoninit",
            "module.control-plane.libvirt_volume.control_plane_cloud_image",
            "module.control-plane.libvirt_volume.control_plane_system_drive"
          ]
        }
      ]
    },
    {
      "module": "module.control-plane",
      "mode": "managed",
      "type": "libvirt_volume",
      "name": "control_plane_cloud_image",
      "provider": "module.control-plane.provider[\"registry.terraform.io/dmacvicar/libvirt\"]",
      "instances": [
        {
          "schema_version": 0,
          "attributes": {
            "base_volume_id": null,
            "base_volume_name": null,
            "base_volume_pool": null,
            "format": "qcow2",
            "id": "/var/lib/libvirt/images/control_plane",
            "name": "control_plane",
            "pool": "default",
            "size": 10737418240,
            "source": "/home/mariusz/p2/terra_kvm/meta/rhel/rhel-7_9-control-plane.qcow2",
            "xml": []
          },
          "sensitive_attributes": [],
          "private": "bnVsbA=="
        }
      ]
    },
    {
      "module": "module.control-plane",
      "mode": "managed",
      "type": "libvirt_volume",
      "name": "control_plane_system_drive",
      "provider": "module.control-plane.provider[\"registry.terraform.io/dmacvicar/libvirt\"]",
      "instances": [
        {
          "schema_version": 0,
          "attributes": {
            "base_volume_id": null,
            "base_volume_name": null,
            "base_volume_pool": null,
            "format": "qcow2",
            "id": "/var/lib/libvirt/images/example-vm-disk",
            "name": "example-vm-disk",
            "pool": "default",
            "size": 1024,
            "source": null,
            "xml": []
          },
          "sensitive_attributes": [],
          "private": "bnVsbA=="
        }
      ]
    },
    {
      "module": "module.network",
      "mode": "managed",
      "type": "libvirt_network",
      "name": "internal",
      "provider": "module.network.provider[\"registry.terraform.io/dmacvicar/libvirt\"]",
      "instances": [
        {
          "schema_version": 0,
          "attributes": {
            "addresses": [
              "192.168.123.0/24"
            ],
            "autostart": false,
            "bridge": "virbr0",
            "dhcp": [
              {
                "enabled": true
              }
            ],
            "dns": [
              {
                "enabled": false,
                "forwarders": [],
                "hosts": [],
                "local_only": false,
                "srvs": []
              }
            ],
            "dnsmasq_options": [],
            "domain": null,
            "id": "9556e060-a727-43ef-b5b3-9619c1a0c9ea",
            "mode": "nat",
            "mtu": null,
            "name": "internal",
            "routes": [],
            "xml": []
          },
          "sensitive_attributes": [],
          "private": "bnVsbA=="
        }
      ]
    },
    {
      "module": "module.node1",
      "mode": "data",
      "type": "template_file",
      "name": "user_data",
      "provider": "provider[\"registry.terraform.io/hashicorp/template\"]",
      "instances": [
        {
          "schema_version": 0,
          "attributes": {
            "filename": null,
            "id": "ba67d46ebca6b05afa72ea554827989f2b765504453b38c135a9d92eb1b009bc",
            "rendered": "#cloud-config\nusers:\n  - cloud-user\n  - name: ans_mariusz\n    sudo: [\"ALL=(ALL) NOPASSWD:ALL\"]\n    groups: wheel,adm,systemd-journal\n    ssh_pwauth: True\n    ssh_authorized_keys:\n      - ssh-rsa AAAAB3NzaC1yc2EAAAADAQABAAABgQD3GyqLWlUbviexTeQ89n5zUkCNroo56t30KI50Tb5ubzp0bb6UOWqE/qzOiWfG29tnygpHuhRRV+PLIgEVvl2blnJUcYgM4R/6oc8q5eCqXduSJnqmnrE+wcF4fsnQXYtfRW34l38OMGBdFHLW6RFgfIowbgUSrOIFTBkDFcaWKgWeIM7Wkemtr9WIZRm8y4bkaU2Ahz9EzydcOeFMWW8+QqXQmVG1ey/RfhHA5MnZ41hPpvUNHXm/NdBfiujqkwdMXhDqpnbYDSXIHYaq/rbv6Es7mb+KPcOfxNJMv8r1/gyS//0WZ7rFNcRswymdB5b8oNuPmhynDaWdFSrDFxIUd5n4AgvGoTIBMUGN1Zti6noe0FKe/3ZXcEw+qeSBrHZFs3TxV0V6tnv4Oe9rT7thzzPoR1cb+mgauiiKnhelK/0mFbqf/9K2CFVzls7gAwjYCR9WWuBIME/Av6os5+frKay6aWV3ABfFK+xLPHO4Fbe9Z0sHJm2OV1cRLc5c0fs= mariusz@localhost.localdomain\nchpasswd:\n  list: |\n    root:password\n    cloud-user:mypassword\n    ans_mariusz:mypassword\n  expire: False\nruncmd:\n#  - nmcli connection add con-name \"MyConnection\" ifname eth0 type ethernet ip4 192.168.1.10/24 gw4 192.168.1.1\n  - nmcli connection up \"MyConnection\"\n  - echo New MOTD2 \u003e\u003e /etc/motd\n",
            "template": "#cloud-config\nusers:\n  - cloud-user\n  - name: ans_mariusz\n    sudo: [\"ALL=(ALL) NOPASSWD:ALL\"]\n    groups: wheel,adm,systemd-journal\n    ssh_pwauth: True\n    ssh_authorized_keys:\n      - ssh-rsa AAAAB3NzaC1yc2EAAAADAQABAAABgQD3GyqLWlUbviexTeQ89n5zUkCNroo56t30KI50Tb5ubzp0bb6UOWqE/qzOiWfG29tnygpHuhRRV+PLIgEVvl2blnJUcYgM4R/6oc8q5eCqXduSJnqmnrE+wcF4fsnQXYtfRW34l38OMGBdFHLW6RFgfIowbgUSrOIFTBkDFcaWKgWeIM7Wkemtr9WIZRm8y4bkaU2Ahz9EzydcOeFMWW8+QqXQmVG1ey/RfhHA5MnZ41hPpvUNHXm/NdBfiujqkwdMXhDqpnbYDSXIHYaq/rbv6Es7mb+KPcOfxNJMv8r1/gyS//0WZ7rFNcRswymdB5b8oNuPmhynDaWdFSrDFxIUd5n4AgvGoTIBMUGN1Zti6noe0FKe/3ZXcEw+qeSBrHZFs3TxV0V6tnv4Oe9rT7thzzPoR1cb+mgauiiKnhelK/0mFbqf/9K2CFVzls7gAwjYCR9WWuBIME/Av6os5+frKay6aWV3ABfFK+xLPHO4Fbe9Z0sHJm2OV1cRLc5c0fs= mariusz@localhost.localdomain\nchpasswd:\n  list: |\n    root:password\n    cloud-user:mypassword\n    ans_mariusz:mypassword\n  expire: False\nruncmd:\n#  - nmcli connection add con-name \"MyConnection\" ifname eth0 type ethernet ip4 192.168.1.10/24 gw4 192.168.1.1\n  - nmcli connection up \"MyConnection\"\n  - echo New MOTD2 \u003e\u003e /etc/motd\n",
            "vars": null
          },
          "sensitive_attributes": []
        }
      ]
    },
    {
      "module": "module.node1",
      "mode": "managed",
      "type": "libvirt_cloudinit_disk",
      "name": "commoninit",
      "provider": "module.node1.provider[\"registry.terraform.io/dmacvicar/libvirt\"]",
      "instances": [
        {
          "schema_version": 0,
          "attributes": {
            "id": "/var/lib/libvirt/images/node1.iso;804f354c-0369-44bf-b3bb-93bae4deaae0",
            "meta_data": "",
            "name": "node1.iso",
            "network_config": "",
            "pool": "default",
            "user_data": "#cloud-config\nusers:\n  - cloud-user\n  - name: ans_mariusz\n    sudo: [\"ALL=(ALL) NOPASSWD:ALL\"]\n    groups: wheel,adm,systemd-journal\n    ssh_pwauth: True\n    ssh_authorized_keys:\n      - ssh-rsa AAAAB3NzaC1yc2EAAAADAQABAAABgQD3GyqLWlUbviexTeQ89n5zUkCNroo56t30KI50Tb5ubzp0bb6UOWqE/qzOiWfG29tnygpHuhRRV+PLIgEVvl2blnJUcYgM4R/6oc8q5eCqXduSJnqmnrE+wcF4fsnQXYtfRW34l38OMGBdFHLW6RFgfIowbgUSrOIFTBkDFcaWKgWeIM7Wkemtr9WIZRm8y4bkaU2Ahz9EzydcOeFMWW8+QqXQmVG1ey/RfhHA5MnZ41hPpvUNHXm/NdBfiujqkwdMXhDqpnbYDSXIHYaq/rbv6Es7mb+KPcOfxNJMv8r1/gyS//0WZ7rFNcRswymdB5b8oNuPmhynDaWdFSrDFxIUd5n4AgvGoTIBMUGN1Zti6noe0FKe/3ZXcEw+qeSBrHZFs3TxV0V6tnv4Oe9rT7thzzPoR1cb+mgauiiKnhelK/0mFbqf/9K2CFVzls7gAwjYCR9WWuBIME/Av6os5+frKay6aWV3ABfFK+xLPHO4Fbe9Z0sHJm2OV1cRLc5c0fs= mariusz@localhost.localdomain\nchpasswd:\n  list: |\n    root:password\n    cloud-user:mypassword\n    ans_mariusz:mypassword\n  expire: False\nruncmd:\n#  - nmcli connection add con-name \"MyConnection\" ifname eth0 type ethernet ip4 192.168.1.10/24 gw4 192.168.1.1\n  - nmcli connection up \"MyConnection\"\n  - echo New MOTD2 \u003e\u003e /etc/motd\n"
          },
          "sensitive_attributes": [],
          "private": "bnVsbA==",
          "dependencies": [
            "module.node1.data.template_file.user_data"
          ]
        }
      ]
    },
    {
      "module": "module.node1",
      "mode": "managed",
      "type": "libvirt_domain",
      "name": "node",
      "provider": "module.node1.provider[\"registry.terraform.io/dmacvicar/libvirt\"]",
      "instances": [
        {
          "schema_version": 0,
          "attributes": {
            "arch": "x86_64",
            "autostart": false,
            "boot_device": [],
            "cloudinit": "/var/lib/libvirt/images/node1.iso;804f354c-0369-44bf-b3bb-93bae4deaae0",
            "cmdline": null,
            "console": [
              {
                "source_host": "127.0.0.1",
                "source_path": "",
                "source_service": "0",
                "target_port": "0",
                "target_type": "serial",
                "type": "pty"
              }
            ],
            "coreos_ignition": null,
            "cpu": [
              {
                "mode": "custom"
              }
            ],
            "description": "",
            "disk": [
              {
                "block_device": "",
                "file": "",
                "scsi": false,
                "url": "",
                "volume_id": "/var/lib/libvirt/images/node1",
                "wwn": ""
              },
              {
                "block_device": "",
                "file": "",
                "scsi": false,
                "url": "",
                "volume_id": "/var/lib/libvirt/images/node1-disk",
                "wwn": ""
              }
            ],
            "emulator": "/usr/libexec/qemu-kvm",
            "filesystem": [],
            "firmware": null,
            "fw_cfg_name": "opt/com.coreos/config",
            "graphics": [
              {
                "autoport": true,
                "listen_address": "127.0.0.1",
                "listen_type": "none",
                "type": "vnc",
                "websocket": 0
              }
            ],
            "id": "65182adb-a717-4484-8e51-4486e8d25dfb",
            "initrd": "",
            "kernel": "",
            "machine": "pc",
            "memory": 2024,
            "metadata": null,
            "name": "node1",
            "network_interface": [
              {
                "addresses": [],
                "bridge": "",
                "hostname": "",
                "mac": "52:54:00:DA:D4:54",
                "macvtap": "",
                "network_id": "9556e060-a727-43ef-b5b3-9619c1a0c9ea",
                "network_name": "internal",
                "passthrough": "",
                "vepa": "",
                "wait_for_lease": false
              }
            ],
            "nvram": [],
            "qemu_agent": false,
            "running": true,
            "timeouts": null,
            "tpm": [],
            "type": "kvm",
            "vcpu": 1,
            "video": [],
            "xml": []
          },
          "sensitive_attributes": [],
          "private": "eyJlMmJmYjczMC1lY2FhLTExZTYtOGY4OC0zNDM2M2JjN2M0YzAiOnsiY3JlYXRlIjozMDAwMDAwMDAwMDB9fQ==",
          "dependencies": [
            "module.node1.data.template_file.user_data",
            "module.node1.libvirt_cloudinit_disk.commoninit",
            "module.node1.libvirt_volume.node_cloud_image",
            "module.node1.libvirt_volume.node_system_drive"
          ]
        }
      ]
    },
    {
      "module": "module.node1",
      "mode": "managed",
      "type": "libvirt_volume",
      "name": "node_cloud_image",
      "provider": "module.node1.provider[\"registry.terraform.io/dmacvicar/libvirt\"]",
      "instances": [
        {
          "schema_version": 0,
          "attributes": {
            "base_volume_id": null,
            "base_volume_name": null,
            "base_volume_pool": null,
            "format": "qcow2",
            "id": "/var/lib/libvirt/images/node1",
            "name": "node1",
            "pool": "default",
            "size": 10737418240,
            "source": "/home/mariusz/p2/terra_kvm/meta/rhel/rhel-7_9-control-plane.qcow2",
            "xml": []
          },
          "sensitive_attributes": [],
          "private": "bnVsbA=="
        }
      ]
    },
    {
      "module": "module.node1",
      "mode": "managed",
      "type": "libvirt_volume",
      "name": "node_system_drive",
      "provider": "module.node1.provider[\"registry.terraform.io/dmacvicar/libvirt\"]",
      "instances": [
        {
          "schema_version": 0,
          "attributes": {
            "base_volume_id": null,
            "base_volume_name": null,
            "base_volume_pool": null,
            "format": "qcow2",
            "id": "/var/lib/libvirt/images/node1-disk",
            "name": "node1-disk",
            "pool": "default",
            "size": 1024,
            "source": null,
            "xml": []
          },
          "sensitive_attributes": [],
          "private": "bnVsbA=="
        }
      ]
    }
  ],
  "check_results": null
}
