{
  "version": 4,
  "terraform_version": "1.6.6",
  "serial": 178,
  "lineage": "720140dd-bbd1-93ab-a7e3-b705d37c379b",
  "outputs": {},
  "resources": [
    {
      "mode": "managed",
      "type": "libvirt_network",
      "name": "internal",
      "provider": "provider[\"registry.terraform.io/dmacvicar/libvirt\"]",
      "instances": [
        {
          "schema_version": 0,
          "attributes": {
            "addresses": [
              "192.168.123.0/24"
            ],
            "autostart": false,
            "bridge": "virbr0",
            "dhcp": [
              {
                "enabled": true
              }
            ],
            "dns": [
              {
                "enabled": false,
                "forwarders": [],
                "hosts": [],
                "local_only": false,
                "srvs": []
              }
            ],
            "dnsmasq_options": [],
            "domain": null,
            "id": "5ba81dc9-d755-46ed-b3ba-4f10b096ac90",
            "mode": "nat",
            "mtu": null,
            "name": "internal",
            "routes": [],
            "xml": []
          },
          "sensitive_attributes": [],
          "private": "bnVsbA=="
        }
      ]
    },
    {
      "mode": "managed",
      "type": "libvirt_volume",
      "name": "example_vm_disk",
      "provider": "provider[\"registry.terraform.io/dmacvicar/libvirt\"]",
      "instances": [
        {
          "schema_version": 0,
          "attributes": {
            "base_volume_id": null,
            "base_volume_name": null,
            "base_volume_pool": null,
            "format": "qcow2",
            "id": "/var/lib/libvirt/images/example-vm-disk",
            "name": "example-vm-disk",
            "pool": "default",
            "size": 1024,
            "source": null,
            "xml": []
          },
          "sensitive_attributes": [],
          "private": "bnVsbA=="
        }
      ]
    }
  ],
  "check_results": null
}
