{
  "version": 4,
  "terraform_version": "1.6.6",
  "serial": 186,
  "lineage": "720140dd-bbd1-93ab-a7e3-b705d37c379b",
  "outputs": {},
  "resources": [
    {
      "module": "module.control-plane",
      "mode": "managed",
      "type": "libvirt_volume",
      "name": "control_plane_cloud_image",
      "provider": "module.control-plane.provider[\"registry.terraform.io/dmacvicar/libvirt\"]",
      "instances": [
        {
          "schema_version": 0,
          "attributes": {
            "base_volume_id": null,
            "base_volume_name": null,
            "base_volume_pool": null,
            "format": "qcow2",
            "id": "/var/lib/libvirt/images/control_plane",
            "name": "control_plane",
            "pool": "default",
            "size": 10737418240,
            "source": "/home/mariusz/p2/terra_kvm/meta/rhel/rhel-7_9-control-plane.qcow2",
            "xml": []
          },
          "sensitive_attributes": [],
          "private": "bnVsbA=="
        }
      ]
    },
    {
      "module": "module.control-plane",
      "mode": "managed",
      "type": "libvirt_volume",
      "name": "control_plane_system_drive",
      "provider": "module.control-plane.provider[\"registry.terraform.io/dmacvicar/libvirt\"]",
      "instances": [
        {
          "schema_version": 0,
          "attributes": {
            "base_volume_id": null,
            "base_volume_name": null,
            "base_volume_pool": null,
            "format": "qcow2",
            "id": "/var/lib/libvirt/images/example-vm-disk",
            "name": "example-vm-disk",
            "pool": "default",
            "size": 1024,
            "source": null,
            "xml": []
          },
          "sensitive_attributes": [],
          "private": "bnVsbA=="
        }
      ]
    },
    {
      "module": "module.network",
      "mode": "managed",
      "type": "libvirt_network",
      "name": "internal",
      "provider": "module.network.provider[\"registry.terraform.io/dmacvicar/libvirt\"]",
      "instances": [
        {
          "schema_version": 0,
          "attributes": {
            "addresses": [
              "192.168.123.0/24"
            ],
            "autostart": false,
            "bridge": "virbr0",
            "dhcp": [
              {
                "enabled": true
              }
            ],
            "dns": [
              {
                "enabled": false,
                "forwarders": [],
                "hosts": [],
                "local_only": false,
                "srvs": []
              }
            ],
            "dnsmasq_options": [],
            "domain": null,
            "id": "540a7134-b938-4d25-82dd-969eb58b4b0e",
            "mode": "nat",
            "mtu": null,
            "name": "internal",
            "routes": [],
            "xml": []
          },
          "sensitive_attributes": [
            [
              {
                "type": "get_attr",
                "value": "name"
              }
            ]
          ],
          "private": "bnVsbA=="
        }
      ]
    }
  ],
  "check_results": null
}
