{
  "version": 4,
  "terraform_version": "1.7.0",
  "serial": 773,
  "lineage": "720140dd-bbd1-93ab-a7e3-b705d37c379b",
  "outputs": {},
  "resources": [
    {
      "module": "module.control_node",
      "mode": "data",
      "type": "template_file",
      "name": "user_data",
      "provider": "provider[\"registry.terraform.io/hashicorp/template\"]",
      "instances": [
        {
          "schema_version": 0,
          "attributes": {
            "filename": null,
            "id": "1d91084e48f7b1e13a7e3dbb079cf5e977f7727aec2995225ea9f43b7adab69a",
            "rendered": "#cloud-config\nusers:\n  - cloud-user\n  - name: ans_mariusz\n    sudo: [\"ALL=(ALL) NOPASSWD:ALL\"]\n    groups: wheel,adm,systemd-journal\n    ssh_pwauth: True\n    ssh_authorized_keys:\n      - ssh-rsa AAAAB3NzaC1yc2EAAAADAQABAAABgQD3GyqLWlUbviexTeQ89n5zUkCNroo56t30KI50Tb5ubzp0bb6UOWqE/qzOiWfG29tnygpHuhRRV+PLIgEVvl2blnJUcYgM4R/6oc8q5eCqXduSJnqmnrE+wcF4fsnQXYtfRW34l38OMGBdFHLW6RFgfIowbgUSrOIFTBkDFcaWKgWeIM7Wkemtr9WIZRm8y4bkaU2Ahz9EzydcOeFMWW8+QqXQmVG1ey/RfhHA5MnZ41hPpvUNHXm/NdBfiujqkwdMXhDqpnbYDSXIHYaq/rbv6Es7mb+KPcOfxNJMv8r1/gyS//0WZ7rFNcRswymdB5b8oNuPmhynDaWdFSrDFxIUd5n4AgvGoTIBMUGN1Zti6noe0FKe/3ZXcEw+qeSBrHZFs3TxV0V6tnv4Oe9rT7thzzPoR1cb+mgauiiKnhelK/0mFbqf/9K2CFVzls7gAwjYCR9WWuBIME/Av6os5+frKay6aWV3ABfFK+xLPHO4Fbe9Z0sHJm2OV1cRLc5c0fs= mariusz@localhost.localdomain\nchpasswd:\n  list: |\n    root:password\n    cloud-user:mypassword\n    ans_mariusz:mypassword\n  expire: False\nruncmd:\n#  - nmcli connection add con-name \"MyConnection\" ifname eth0 type ethernet ip4 192.168.1.10/24 gw4 192.168.1.1\n#   - nmcli connection up \"MyConnection\"\n  - echo New MOTD2 \u003e\u003e /etc/motd\n",
            "template": "#cloud-config\nusers:\n  - cloud-user\n  - name: ans_mariusz\n    sudo: [\"ALL=(ALL) NOPASSWD:ALL\"]\n    groups: wheel,adm,systemd-journal\n    ssh_pwauth: True\n    ssh_authorized_keys:\n      - ssh-rsa AAAAB3NzaC1yc2EAAAADAQABAAABgQD3GyqLWlUbviexTeQ89n5zUkCNroo56t30KI50Tb5ubzp0bb6UOWqE/qzOiWfG29tnygpHuhRRV+PLIgEVvl2blnJUcYgM4R/6oc8q5eCqXduSJnqmnrE+wcF4fsnQXYtfRW34l38OMGBdFHLW6RFgfIowbgUSrOIFTBkDFcaWKgWeIM7Wkemtr9WIZRm8y4bkaU2Ahz9EzydcOeFMWW8+QqXQmVG1ey/RfhHA5MnZ41hPpvUNHXm/NdBfiujqkwdMXhDqpnbYDSXIHYaq/rbv6Es7mb+KPcOfxNJMv8r1/gyS//0WZ7rFNcRswymdB5b8oNuPmhynDaWdFSrDFxIUd5n4AgvGoTIBMUGN1Zti6noe0FKe/3ZXcEw+qeSBrHZFs3TxV0V6tnv4Oe9rT7thzzPoR1cb+mgauiiKnhelK/0mFbqf/9K2CFVzls7gAwjYCR9WWuBIME/Av6os5+frKay6aWV3ABfFK+xLPHO4Fbe9Z0sHJm2OV1cRLc5c0fs= mariusz@localhost.localdomain\nchpasswd:\n  list: |\n    root:password\n    cloud-user:mypassword\n    ans_mariusz:mypassword\n  expire: False\nruncmd:\n#  - nmcli connection add con-name \"MyConnection\" ifname eth0 type ethernet ip4 192.168.1.10/24 gw4 192.168.1.1\n#   - nmcli connection up \"MyConnection\"\n  - echo New MOTD2 \u003e\u003e /etc/motd\n",
            "vars": null
          },
          "sensitive_attributes": []
        }
      ]
    },
    {
      "module": "module.control_node",
      "mode": "managed",
      "type": "libvirt_cloudinit_disk",
      "name": "commoninit",
      "provider": "module.control_node.provider[\"registry.terraform.io/dmacvicar/libvirt\"]",
      "instances": [
        {
          "schema_version": 0,
          "attributes": {
            "id": "/var/lib/libvirt/images/control_node.iso;c86dbfb6-7835-4729-ac66-8ef8a9f5308f",
            "meta_data": "",
            "name": "control_node.iso",
            "network_config": "",
            "pool": "default",
            "user_data": "#cloud-config\nusers:\n  - cloud-user\n  - name: ans_mariusz\n    sudo: [\"ALL=(ALL) NOPASSWD:ALL\"]\n    groups: wheel,adm,systemd-journal\n    ssh_pwauth: True\n    ssh_authorized_keys:\n      - ssh-rsa AAAAB3NzaC1yc2EAAAADAQABAAABgQD3GyqLWlUbviexTeQ89n5zUkCNroo56t30KI50Tb5ubzp0bb6UOWqE/qzOiWfG29tnygpHuhRRV+PLIgEVvl2blnJUcYgM4R/6oc8q5eCqXduSJnqmnrE+wcF4fsnQXYtfRW34l38OMGBdFHLW6RFgfIowbgUSrOIFTBkDFcaWKgWeIM7Wkemtr9WIZRm8y4bkaU2Ahz9EzydcOeFMWW8+QqXQmVG1ey/RfhHA5MnZ41hPpvUNHXm/NdBfiujqkwdMXhDqpnbYDSXIHYaq/rbv6Es7mb+KPcOfxNJMv8r1/gyS//0WZ7rFNcRswymdB5b8oNuPmhynDaWdFSrDFxIUd5n4AgvGoTIBMUGN1Zti6noe0FKe/3ZXcEw+qeSBrHZFs3TxV0V6tnv4Oe9rT7thzzPoR1cb+mgauiiKnhelK/0mFbqf/9K2CFVzls7gAwjYCR9WWuBIME/Av6os5+frKay6aWV3ABfFK+xLPHO4Fbe9Z0sHJm2OV1cRLc5c0fs= mariusz@localhost.localdomain\nchpasswd:\n  list: |\n    root:password\n    cloud-user:mypassword\n    ans_mariusz:mypassword\n  expire: False\nruncmd:\n#  - nmcli connection add con-name \"MyConnection\" ifname eth0 type ethernet ip4 192.168.1.10/24 gw4 192.168.1.1\n#   - nmcli connection up \"MyConnection\"\n  - echo New MOTD2 \u003e\u003e /etc/motd\n"
          },
          "sensitive_attributes": [],
          "private": "bnVsbA==",
          "dependencies": [
            "module.control_node.data.template_file.user_data"
          ]
        }
      ]
    },
    {
      "module": "module.control_node",
      "mode": "managed",
      "type": "libvirt_domain",
      "name": "node",
      "provider": "module.control_node.provider[\"registry.terraform.io/dmacvicar/libvirt\"]",
      "instances": [
        {
          "schema_version": 0,
          "attributes": {
            "arch": "x86_64",
            "autostart": false,
            "boot_device": [],
            "cloudinit": "/var/lib/libvirt/images/control_node.iso;c86dbfb6-7835-4729-ac66-8ef8a9f5308f",
            "cmdline": null,
            "console": [
              {
                "source_host": "127.0.0.1",
                "source_path": "",
                "source_service": "0",
                "target_port": "0",
                "target_type": "serial",
                "type": "pty"
              }
            ],
            "coreos_ignition": null,
            "cpu": [
              {
                "mode": "custom"
              }
            ],
            "description": "",
            "disk": [
              {
                "block_device": "",
                "file": "",
                "scsi": false,
                "url": "",
                "volume_id": "/var/lib/libvirt/images/control_node",
                "wwn": ""
              }
            ],
            "emulator": "/usr/libexec/qemu-kvm",
            "filesystem": [],
            "firmware": null,
            "fw_cfg_name": "opt/com.coreos/config",
            "graphics": [
              {
                "autoport": true,
                "listen_address": "127.0.0.1",
                "listen_type": "none",
                "type": "vnc",
                "websocket": 0
              }
            ],
            "id": "a0fc2ed9-5b25-4ac1-a30e-c3d86e3baa8d",
            "initrd": "",
            "kernel": "",
            "machine": "pc",
            "memory": 2024,
            "metadata": null,
            "name": "control_node",
            "network_interface": [
              {
                "addresses": [],
                "bridge": "virbrid",
                "hostname": "",
                "mac": "52:54:00:7A:DA:9D",
                "macvtap": "",
                "network_id": "",
                "network_name": "",
                "passthrough": "",
                "vepa": "",
                "wait_for_lease": false
              }
            ],
            "nvram": [],
            "qemu_agent": false,
            "running": true,
            "timeouts": null,
            "tpm": [],
            "type": "kvm",
            "vcpu": 1,
            "video": [],
            "xml": []
          },
          "sensitive_attributes": [],
          "private": "eyJlMmJmYjczMC1lY2FhLTExZTYtOGY4OC0zNDM2M2JjN2M0YzAiOnsiY3JlYXRlIjozMDAwMDAwMDAwMDB9fQ==",
          "dependencies": [
            "module.control_node.data.template_file.user_data",
            "module.control_node.libvirt_cloudinit_disk.commoninit",
            "module.control_node.libvirt_volume.node_cloud_image"
          ]
        }
      ]
    },
    {
      "module": "module.control_node",
      "mode": "managed",
      "type": "libvirt_volume",
      "name": "node_cloud_image",
      "provider": "module.control_node.provider[\"registry.terraform.io/dmacvicar/libvirt\"]",
      "instances": [
        {
          "schema_version": 0,
          "attributes": {
            "base_volume_id": null,
            "base_volume_name": null,
            "base_volume_pool": null,
            "format": "qcow2",
            "id": "/var/lib/libvirt/images/control_node",
            "name": "control_node",
            "pool": "default",
            "size": 10737418240,
            "source": "/home/mariusz/p2/terra_kvm/meta/rhel/rhel-7_9-control-plane.qcow2",
            "xml": []
          },
          "sensitive_attributes": [],
          "private": "bnVsbA=="
        }
      ]
    },
    {
      "module": "module.network",
      "mode": "managed",
      "type": "libvirt_network",
      "name": "internal",
      "provider": "module.network.provider[\"registry.terraform.io/dmacvicar/libvirt\"]",
      "instances": [
        {
          "schema_version": 0,
          "attributes": {
            "addresses": null,
            "autostart": false,
            "bridge": "virbrid",
            "dhcp": [
              {
                "enabled": true
              }
            ],
            "dns": null,
            "dnsmasq_options": [],
            "domain": null,
            "id": "e71b6542-8d75-4927-a381-91ea45b18fc4",
            "mode": "bridge",
            "mtu": null,
            "name": "internal",
            "routes": [],
            "xml": []
          },
          "sensitive_attributes": [],
          "private": "bnVsbA=="
        }
      ]
    }
  ],
  "check_results": null
}
