{
  "version": 4,
  "terraform_version": "1.7.1",
  "serial": 434,
  "lineage": "8bd4340a-d970-b579-2808-442d83e94697",
  "outputs": {},
  "resources": [
    {
      "module": "module.control_node",
      "mode": "data",
      "type": "template_file",
      "name": "user_data",
      "provider": "provider[\"registry.terraform.io/hashicorp/template\"]",
      "instances": [
        {
          "schema_version": 0,
          "attributes": {
            "filename": null,
            "id": "b7a4f1d609c8013bb1882367f876d26855a7c5c0abcc9c48805f2cbba366ec04",
            "rendered": "#cloud-config\nusers:\n  - cloud-user\n  - name: ans_mariusz\n    sudo: [\"ALL=(ALL) NOPASSWD:ALL\"]\n    groups: wheel,adm,systemd-journal\n    ssh_pwauth: True\n    ssh_authorized_keys:\n      - ssh-rsa AAAAB3NzaC1yc2EAAAADAQABAAABgQD3GyqLWlUbviexTeQ89n5zUkCNroo56t30KI50Tb5ubzp0bb6UOWqE/qzOiWfG29tnygpHuhRRV+PLIgEVvl2blnJUcYgM4R/6oc8q5eCqXduSJnqmnrE+wcF4fsnQXYtfRW34l38OMGBdFHLW6RFgfIowbgUSrOIFTBkDFcaWKgWeIM7Wkemtr9WIZRm8y4bkaU2Ahz9EzydcOeFMWW8+QqXQmVG1ey/RfhHA5MnZ41hPpvUNHXm/NdBfiujqkwdMXhDqpnbYDSXIHYaq/rbv6Es7mb+KPcOfxNJMv8r1/gyS//0WZ7rFNcRswymdB5b8oNuPmhynDaWdFSrDFxIUd5n4AgvGoTIBMUGN1Zti6noe0FKe/3ZXcEw+qeSBrHZFs3TxV0V6tnv4Oe9rT7thzzPoR1cb+mgauiiKnhelK/0mFbqf/9K2CFVzls7gAwjYCR9WWuBIME/Av6os5+frKay6aWV3ABfFK+xLPHO4Fbe9Z0sHJm2OV1cRLc5c0fs= mariusz@localhost.localdomain\nchpasswd:\n  list: |\n    root:password\n    cloud-user:mypassword\n    ans_mariusz:mypassword\n  expire: False\nruncmd:\n#  - nmcli connection add con-name \"MyConnection\" ifname eth0 type ethernet ip4 192.168.1.10/24 gw4 192.168.1.1\n#   - nmcli connection up \"MyConnection\"\n  - echo MOTD control_plane \u003e\u003e /etc/motd\n  - mkdir /mnt/repos\n  - mount -t iso9660 -o loop /dev/sr0 /mnt/repos\n",
            "template": "#cloud-config\nusers:\n  - cloud-user\n  - name: ans_mariusz\n    sudo: [\"ALL=(ALL) NOPASSWD:ALL\"]\n    groups: wheel,adm,systemd-journal\n    ssh_pwauth: True\n    ssh_authorized_keys:\n      - ssh-rsa AAAAB3NzaC1yc2EAAAADAQABAAABgQD3GyqLWlUbviexTeQ89n5zUkCNroo56t30KI50Tb5ubzp0bb6UOWqE/qzOiWfG29tnygpHuhRRV+PLIgEVvl2blnJUcYgM4R/6oc8q5eCqXduSJnqmnrE+wcF4fsnQXYtfRW34l38OMGBdFHLW6RFgfIowbgUSrOIFTBkDFcaWKgWeIM7Wkemtr9WIZRm8y4bkaU2Ahz9EzydcOeFMWW8+QqXQmVG1ey/RfhHA5MnZ41hPpvUNHXm/NdBfiujqkwdMXhDqpnbYDSXIHYaq/rbv6Es7mb+KPcOfxNJMv8r1/gyS//0WZ7rFNcRswymdB5b8oNuPmhynDaWdFSrDFxIUd5n4AgvGoTIBMUGN1Zti6noe0FKe/3ZXcEw+qeSBrHZFs3TxV0V6tnv4Oe9rT7thzzPoR1cb+mgauiiKnhelK/0mFbqf/9K2CFVzls7gAwjYCR9WWuBIME/Av6os5+frKay6aWV3ABfFK+xLPHO4Fbe9Z0sHJm2OV1cRLc5c0fs= mariusz@localhost.localdomain\nchpasswd:\n  list: |\n    root:password\n    cloud-user:mypassword\n    ans_mariusz:mypassword\n  expire: False\nruncmd:\n#  - nmcli connection add con-name \"MyConnection\" ifname eth0 type ethernet ip4 192.168.1.10/24 gw4 192.168.1.1\n#   - nmcli connection up \"MyConnection\"\n  - echo MOTD control_plane \u003e\u003e /etc/motd\n  - mkdir /mnt/repos\n  - mount -t iso9660 -o loop /dev/sr0 /mnt/repos\n",
            "vars": null
          },
          "sensitive_attributes": []
        }
      ]
    },
    {
      "module": "module.control_node",
      "mode": "managed",
      "type": "libvirt_cloudinit_disk",
      "name": "commoninit",
      "provider": "module.control_node.provider[\"registry.terraform.io/dmacvicar/libvirt\"]",
      "instances": [
        {
          "schema_version": 0,
          "attributes": {
            "id": "/var/lib/libvirt/images/control_plane.iso;77bfb4bb-9b88-477a-8b1e-4b30227f1983",
            "meta_data": "",
            "name": "control_plane.iso",
            "network_config": "",
            "pool": "default",
            "user_data": "#cloud-config\nusers:\n  - cloud-user\n  - name: ans_mariusz\n    sudo: [\"ALL=(ALL) NOPASSWD:ALL\"]\n    groups: wheel,adm,systemd-journal\n    ssh_pwauth: True\n    ssh_authorized_keys:\n      - ssh-rsa AAAAB3NzaC1yc2EAAAADAQABAAABgQD3GyqLWlUbviexTeQ89n5zUkCNroo56t30KI50Tb5ubzp0bb6UOWqE/qzOiWfG29tnygpHuhRRV+PLIgEVvl2blnJUcYgM4R/6oc8q5eCqXduSJnqmnrE+wcF4fsnQXYtfRW34l38OMGBdFHLW6RFgfIowbgUSrOIFTBkDFcaWKgWeIM7Wkemtr9WIZRm8y4bkaU2Ahz9EzydcOeFMWW8+QqXQmVG1ey/RfhHA5MnZ41hPpvUNHXm/NdBfiujqkwdMXhDqpnbYDSXIHYaq/rbv6Es7mb+KPcOfxNJMv8r1/gyS//0WZ7rFNcRswymdB5b8oNuPmhynDaWdFSrDFxIUd5n4AgvGoTIBMUGN1Zti6noe0FKe/3ZXcEw+qeSBrHZFs3TxV0V6tnv4Oe9rT7thzzPoR1cb+mgauiiKnhelK/0mFbqf/9K2CFVzls7gAwjYCR9WWuBIME/Av6os5+frKay6aWV3ABfFK+xLPHO4Fbe9Z0sHJm2OV1cRLc5c0fs= mariusz@localhost.localdomain\nchpasswd:\n  list: |\n    root:password\n    cloud-user:mypassword\n    ans_mariusz:mypassword\n  expire: False\nruncmd:\n#  - nmcli connection add con-name \"MyConnection\" ifname eth0 type ethernet ip4 192.168.1.10/24 gw4 192.168.1.1\n#   - nmcli connection up \"MyConnection\"\n  - echo MOTD control_plane \u003e\u003e /etc/motd\n  - mkdir /mnt/repos\n  - mount -t iso9660 -o loop /dev/sr0 /mnt/repos\n"
          },
          "sensitive_attributes": [],
          "private": "bnVsbA==",
          "dependencies": [
            "module.control_node.data.template_file.user_data"
          ]
        }
      ]
    },
    {
      "module": "module.control_node",
      "mode": "managed",
      "type": "libvirt_domain",
      "name": "node",
      "provider": "module.control_node.provider[\"registry.terraform.io/dmacvicar/libvirt\"]",
      "instances": [
        {
          "schema_version": 0,
          "attributes": {
            "arch": "x86_64",
            "autostart": false,
            "boot_device": [],
            "cloudinit": "/var/lib/libvirt/images/control_plane.iso;77bfb4bb-9b88-477a-8b1e-4b30227f1983",
            "cmdline": null,
            "console": [
              {
                "source_host": "127.0.0.1",
                "source_path": "",
                "source_service": "0",
                "target_port": "0",
                "target_type": "serial",
                "type": "pty"
              }
            ],
            "coreos_ignition": null,
            "cpu": [
              {
                "mode": "custom"
              }
            ],
            "description": "",
            "disk": [
              {
                "block_device": "",
                "file": "",
                "scsi": false,
                "url": "",
                "volume_id": "/var/lib/libvirt/images/control_plane",
                "wwn": ""
              },
              {
                "block_device": "",
                "file": "/home/mariusz/p2/terra_kvm/meta/repo/repos.iso",
                "scsi": false,
                "url": "",
                "volume_id": "",
                "wwn": ""
              }
            ],
            "emulator": "/usr/libexec/qemu-kvm",
            "filesystem": [],
            "firmware": null,
            "fw_cfg_name": "opt/com.coreos/config",
            "graphics": [
              {
                "autoport": true,
                "listen_address": "127.0.0.1",
                "listen_type": "none",
                "type": "vnc",
                "websocket": 0
              }
            ],
            "id": "cd12f755-57b2-460a-b721-8f04901519d8",
            "initrd": "",
            "kernel": "",
            "machine": "pc",
            "memory": 2024,
            "metadata": null,
            "name": "control_plane",
            "network_interface": [
              {
                "addresses": [],
                "bridge": "",
                "hostname": "",
                "mac": "52:54:00:72:EF:C8",
                "macvtap": "",
                "network_id": "9e9a8111-2e9d-447f-8bbd-5ee4e5b36f5a",
                "network_name": "internal",
                "passthrough": "",
                "vepa": "",
                "wait_for_lease": false
              }
            ],
            "nvram": [],
            "qemu_agent": false,
            "running": true,
            "timeouts": null,
            "tpm": [],
            "type": "kvm",
            "vcpu": 1,
            "video": [],
            "xml": []
          },
          "sensitive_attributes": [],
          "private": "eyJlMmJmYjczMC1lY2FhLTExZTYtOGY4OC0zNDM2M2JjN2M0YzAiOnsiY3JlYXRlIjozMDAwMDAwMDAwMDB9fQ==",
          "dependencies": [
            "module.control_node.data.template_file.user_data",
            "module.control_node.libvirt_cloudinit_disk.commoninit",
            "module.control_node.libvirt_volume.node_cloud_image"
          ]
        }
      ]
    },
    {
      "module": "module.control_node",
      "mode": "managed",
      "type": "libvirt_volume",
      "name": "node_cloud_image",
      "provider": "module.control_node.provider[\"registry.terraform.io/dmacvicar/libvirt\"]",
      "instances": [
        {
          "schema_version": 0,
          "attributes": {
            "base_volume_id": null,
            "base_volume_name": null,
            "base_volume_pool": null,
            "format": "qcow2",
            "id": "/var/lib/libvirt/images/control_plane",
            "name": "control_plane",
            "pool": "default",
            "size": 10737418240,
            "source": "/home/mariusz/p2/terra_kvm/meta/rhel/rhel-8-control-plane.qcow2",
            "xml": []
          },
          "sensitive_attributes": [],
          "private": "bnVsbA=="
        }
      ]
    },
    {
      "module": "module.network",
      "mode": "managed",
      "type": "libvirt_network",
      "name": "internal",
      "provider": "module.network.provider[\"registry.terraform.io/dmacvicar/libvirt\"]",
      "instances": [
        {
          "schema_version": 0,
          "attributes": {
            "addresses": [
              "192.168.2.0/24"
            ],
            "autostart": false,
            "bridge": "virbr0",
            "dhcp": [
              {
                "enabled": true
              }
            ],
            "dns": [
              {
                "enabled": false,
                "forwarders": [],
                "hosts": [],
                "local_only": false,
                "srvs": []
              }
            ],
            "dnsmasq_options": [],
            "domain": null,
            "id": "9e9a8111-2e9d-447f-8bbd-5ee4e5b36f5a",
            "mode": "nat",
            "mtu": null,
            "name": "internal",
            "routes": [],
            "xml": []
          },
          "sensitive_attributes": [],
          "private": "bnVsbA=="
        }
      ]
    },
    {
      "module": "module.node1",
      "mode": "data",
      "type": "template_file",
      "name": "user_data",
      "provider": "provider[\"registry.terraform.io/hashicorp/template\"]",
      "instances": [
        {
          "schema_version": 0,
          "attributes": {
            "filename": null,
            "id": "ba67d46ebca6b05afa72ea554827989f2b765504453b38c135a9d92eb1b009bc",
            "rendered": "#cloud-config\nusers:\n  - cloud-user\n  - name: ans_mariusz\n    sudo: [\"ALL=(ALL) NOPASSWD:ALL\"]\n    groups: wheel,adm,systemd-journal\n    ssh_pwauth: True\n    ssh_authorized_keys:\n      - ssh-rsa AAAAB3NzaC1yc2EAAAADAQABAAABgQD3GyqLWlUbviexTeQ89n5zUkCNroo56t30KI50Tb5ubzp0bb6UOWqE/qzOiWfG29tnygpHuhRRV+PLIgEVvl2blnJUcYgM4R/6oc8q5eCqXduSJnqmnrE+wcF4fsnQXYtfRW34l38OMGBdFHLW6RFgfIowbgUSrOIFTBkDFcaWKgWeIM7Wkemtr9WIZRm8y4bkaU2Ahz9EzydcOeFMWW8+QqXQmVG1ey/RfhHA5MnZ41hPpvUNHXm/NdBfiujqkwdMXhDqpnbYDSXIHYaq/rbv6Es7mb+KPcOfxNJMv8r1/gyS//0WZ7rFNcRswymdB5b8oNuPmhynDaWdFSrDFxIUd5n4AgvGoTIBMUGN1Zti6noe0FKe/3ZXcEw+qeSBrHZFs3TxV0V6tnv4Oe9rT7thzzPoR1cb+mgauiiKnhelK/0mFbqf/9K2CFVzls7gAwjYCR9WWuBIME/Av6os5+frKay6aWV3ABfFK+xLPHO4Fbe9Z0sHJm2OV1cRLc5c0fs= mariusz@localhost.localdomain\nchpasswd:\n  list: |\n    root:password\n    cloud-user:mypassword\n    ans_mariusz:mypassword\n  expire: False\nruncmd:\n#  - nmcli connection add con-name \"MyConnection\" ifname eth0 type ethernet ip4 192.168.1.10/24 gw4 192.168.1.1\n  - nmcli connection up \"MyConnection\"\n  - echo New MOTD2 \u003e\u003e /etc/motd\n",
            "template": "#cloud-config\nusers:\n  - cloud-user\n  - name: ans_mariusz\n    sudo: [\"ALL=(ALL) NOPASSWD:ALL\"]\n    groups: wheel,adm,systemd-journal\n    ssh_pwauth: True\n    ssh_authorized_keys:\n      - ssh-rsa AAAAB3NzaC1yc2EAAAADAQABAAABgQD3GyqLWlUbviexTeQ89n5zUkCNroo56t30KI50Tb5ubzp0bb6UOWqE/qzOiWfG29tnygpHuhRRV+PLIgEVvl2blnJUcYgM4R/6oc8q5eCqXduSJnqmnrE+wcF4fsnQXYtfRW34l38OMGBdFHLW6RFgfIowbgUSrOIFTBkDFcaWKgWeIM7Wkemtr9WIZRm8y4bkaU2Ahz9EzydcOeFMWW8+QqXQmVG1ey/RfhHA5MnZ41hPpvUNHXm/NdBfiujqkwdMXhDqpnbYDSXIHYaq/rbv6Es7mb+KPcOfxNJMv8r1/gyS//0WZ7rFNcRswymdB5b8oNuPmhynDaWdFSrDFxIUd5n4AgvGoTIBMUGN1Zti6noe0FKe/3ZXcEw+qeSBrHZFs3TxV0V6tnv4Oe9rT7thzzPoR1cb+mgauiiKnhelK/0mFbqf/9K2CFVzls7gAwjYCR9WWuBIME/Av6os5+frKay6aWV3ABfFK+xLPHO4Fbe9Z0sHJm2OV1cRLc5c0fs= mariusz@localhost.localdomain\nchpasswd:\n  list: |\n    root:password\n    cloud-user:mypassword\n    ans_mariusz:mypassword\n  expire: False\nruncmd:\n#  - nmcli connection add con-name \"MyConnection\" ifname eth0 type ethernet ip4 192.168.1.10/24 gw4 192.168.1.1\n  - nmcli connection up \"MyConnection\"\n  - echo New MOTD2 \u003e\u003e /etc/motd\n",
            "vars": null
          },
          "sensitive_attributes": []
        }
      ]
    },
    {
      "module": "module.node1",
      "mode": "managed",
      "type": "libvirt_cloudinit_disk",
      "name": "commoninit",
      "provider": "module.node1.provider[\"registry.terraform.io/dmacvicar/libvirt\"]",
      "instances": [
        {
          "schema_version": 0,
          "attributes": {
            "id": "/var/lib/libvirt/images/node1.iso;d079967f-8547-427e-9b4f-e243bc866a27",
            "meta_data": "",
            "name": "node1.iso",
            "network_config": "",
            "pool": "default",
            "user_data": "#cloud-config\nusers:\n  - cloud-user\n  - name: ans_mariusz\n    sudo: [\"ALL=(ALL) NOPASSWD:ALL\"]\n    groups: wheel,adm,systemd-journal\n    ssh_pwauth: True\n    ssh_authorized_keys:\n      - ssh-rsa AAAAB3NzaC1yc2EAAAADAQABAAABgQD3GyqLWlUbviexTeQ89n5zUkCNroo56t30KI50Tb5ubzp0bb6UOWqE/qzOiWfG29tnygpHuhRRV+PLIgEVvl2blnJUcYgM4R/6oc8q5eCqXduSJnqmnrE+wcF4fsnQXYtfRW34l38OMGBdFHLW6RFgfIowbgUSrOIFTBkDFcaWKgWeIM7Wkemtr9WIZRm8y4bkaU2Ahz9EzydcOeFMWW8+QqXQmVG1ey/RfhHA5MnZ41hPpvUNHXm/NdBfiujqkwdMXhDqpnbYDSXIHYaq/rbv6Es7mb+KPcOfxNJMv8r1/gyS//0WZ7rFNcRswymdB5b8oNuPmhynDaWdFSrDFxIUd5n4AgvGoTIBMUGN1Zti6noe0FKe/3ZXcEw+qeSBrHZFs3TxV0V6tnv4Oe9rT7thzzPoR1cb+mgauiiKnhelK/0mFbqf/9K2CFVzls7gAwjYCR9WWuBIME/Av6os5+frKay6aWV3ABfFK+xLPHO4Fbe9Z0sHJm2OV1cRLc5c0fs= mariusz@localhost.localdomain\nchpasswd:\n  list: |\n    root:password\n    cloud-user:mypassword\n    ans_mariusz:mypassword\n  expire: False\nruncmd:\n#  - nmcli connection add con-name \"MyConnection\" ifname eth0 type ethernet ip4 192.168.1.10/24 gw4 192.168.1.1\n  - nmcli connection up \"MyConnection\"\n  - echo New MOTD2 \u003e\u003e /etc/motd\n"
          },
          "sensitive_attributes": [],
          "private": "bnVsbA==",
          "dependencies": [
            "module.node1.data.template_file.user_data"
          ]
        }
      ]
    },
    {
      "module": "module.node1",
      "mode": "managed",
      "type": "libvirt_domain",
      "name": "node",
      "provider": "module.node1.provider[\"registry.terraform.io/dmacvicar/libvirt\"]",
      "instances": [
        {
          "schema_version": 0,
          "attributes": {
            "arch": "x86_64",
            "autostart": false,
            "boot_device": [],
            "cloudinit": "/var/lib/libvirt/images/node1.iso;d079967f-8547-427e-9b4f-e243bc866a27",
            "cmdline": null,
            "console": [
              {
                "source_host": "127.0.0.1",
                "source_path": "",
                "source_service": "0",
                "target_port": "0",
                "target_type": "serial",
                "type": "pty"
              }
            ],
            "coreos_ignition": null,
            "cpu": [
              {
                "mode": "custom"
              }
            ],
            "description": "",
            "disk": [
              {
                "block_device": "",
                "file": "",
                "scsi": false,
                "url": "",
                "volume_id": "/var/lib/libvirt/images/node1",
                "wwn": ""
              },
              {
                "block_device": "",
                "file": "",
                "scsi": false,
                "url": "",
                "volume_id": "/var/lib/libvirt/images/node1-disk",
                "wwn": ""
              }
            ],
            "emulator": "/usr/libexec/qemu-kvm",
            "filesystem": [],
            "firmware": null,
            "fw_cfg_name": "opt/com.coreos/config",
            "graphics": [
              {
                "autoport": true,
                "listen_address": "127.0.0.1",
                "listen_type": "none",
                "type": "vnc",
                "websocket": 0
              }
            ],
            "id": "ed21bc12-7cfd-4c01-8661-1068a5fda495",
            "initrd": "",
            "kernel": "",
            "machine": "pc",
            "memory": 2024,
            "metadata": null,
            "name": "node1",
            "network_interface": [
              {
                "addresses": [],
                "bridge": "",
                "hostname": "",
                "mac": "52:54:00:4E:0C:F9",
                "macvtap": "",
                "network_id": "9e9a8111-2e9d-447f-8bbd-5ee4e5b36f5a",
                "network_name": "internal",
                "passthrough": "",
                "vepa": "",
                "wait_for_lease": false
              }
            ],
            "nvram": [],
            "qemu_agent": false,
            "running": true,
            "timeouts": null,
            "tpm": [],
            "type": "kvm",
            "vcpu": 1,
            "video": [],
            "xml": []
          },
          "sensitive_attributes": [],
          "private": "eyJlMmJmYjczMC1lY2FhLTExZTYtOGY4OC0zNDM2M2JjN2M0YzAiOnsiY3JlYXRlIjozMDAwMDAwMDAwMDB9fQ==",
          "dependencies": [
            "module.node1.data.template_file.user_data",
            "module.node1.libvirt_cloudinit_disk.commoninit",
            "module.node1.libvirt_volume.node_cloud_image",
            "module.node1.libvirt_volume.node_system_drive"
          ]
        }
      ]
    },
    {
      "module": "module.node1",
      "mode": "managed",
      "type": "libvirt_volume",
      "name": "node_cloud_image",
      "provider": "module.node1.provider[\"registry.terraform.io/dmacvicar/libvirt\"]",
      "instances": [
        {
          "schema_version": 0,
          "attributes": {
            "base_volume_id": null,
            "base_volume_name": null,
            "base_volume_pool": null,
            "format": "qcow2",
            "id": "/var/lib/libvirt/images/node1",
            "name": "node1",
            "pool": "default",
            "size": 10737418240,
            "source": "/home/mariusz/p2/terra_kvm/meta/rhel/rhel-8-node1.qcow2",
            "xml": []
          },
          "sensitive_attributes": [],
          "private": "bnVsbA=="
        }
      ]
    },
    {
      "module": "module.node1",
      "mode": "managed",
      "type": "libvirt_volume",
      "name": "node_system_drive",
      "provider": "module.node1.provider[\"registry.terraform.io/dmacvicar/libvirt\"]",
      "instances": [
        {
          "schema_version": 0,
          "attributes": {
            "base_volume_id": null,
            "base_volume_name": null,
            "base_volume_pool": null,
            "format": "qcow2",
            "id": "/var/lib/libvirt/images/node1-disk",
            "name": "node1-disk",
            "pool": "default",
            "size": 1024,
            "source": null,
            "xml": []
          },
          "sensitive_attributes": [],
          "private": "bnVsbA=="
        }
      ]
    },
    {
      "module": "module.node2",
      "mode": "data",
      "type": "template_file",
      "name": "user_data",
      "provider": "provider[\"registry.terraform.io/hashicorp/template\"]",
      "instances": [
        {
          "schema_version": 0,
          "attributes": {
            "filename": null,
            "id": "ba67d46ebca6b05afa72ea554827989f2b765504453b38c135a9d92eb1b009bc",
            "rendered": "#cloud-config\nusers:\n  - cloud-user\n  - name: ans_mariusz\n    sudo: [\"ALL=(ALL) NOPASSWD:ALL\"]\n    groups: wheel,adm,systemd-journal\n    ssh_pwauth: True\n    ssh_authorized_keys:\n      - ssh-rsa AAAAB3NzaC1yc2EAAAADAQABAAABgQD3GyqLWlUbviexTeQ89n5zUkCNroo56t30KI50Tb5ubzp0bb6UOWqE/qzOiWfG29tnygpHuhRRV+PLIgEVvl2blnJUcYgM4R/6oc8q5eCqXduSJnqmnrE+wcF4fsnQXYtfRW34l38OMGBdFHLW6RFgfIowbgUSrOIFTBkDFcaWKgWeIM7Wkemtr9WIZRm8y4bkaU2Ahz9EzydcOeFMWW8+QqXQmVG1ey/RfhHA5MnZ41hPpvUNHXm/NdBfiujqkwdMXhDqpnbYDSXIHYaq/rbv6Es7mb+KPcOfxNJMv8r1/gyS//0WZ7rFNcRswymdB5b8oNuPmhynDaWdFSrDFxIUd5n4AgvGoTIBMUGN1Zti6noe0FKe/3ZXcEw+qeSBrHZFs3TxV0V6tnv4Oe9rT7thzzPoR1cb+mgauiiKnhelK/0mFbqf/9K2CFVzls7gAwjYCR9WWuBIME/Av6os5+frKay6aWV3ABfFK+xLPHO4Fbe9Z0sHJm2OV1cRLc5c0fs= mariusz@localhost.localdomain\nchpasswd:\n  list: |\n    root:password\n    cloud-user:mypassword\n    ans_mariusz:mypassword\n  expire: False\nruncmd:\n#  - nmcli connection add con-name \"MyConnection\" ifname eth0 type ethernet ip4 192.168.1.10/24 gw4 192.168.1.1\n  - nmcli connection up \"MyConnection\"\n  - echo New MOTD2 \u003e\u003e /etc/motd\n",
            "template": "#cloud-config\nusers:\n  - cloud-user\n  - name: ans_mariusz\n    sudo: [\"ALL=(ALL) NOPASSWD:ALL\"]\n    groups: wheel,adm,systemd-journal\n    ssh_pwauth: True\n    ssh_authorized_keys:\n      - ssh-rsa AAAAB3NzaC1yc2EAAAADAQABAAABgQD3GyqLWlUbviexTeQ89n5zUkCNroo56t30KI50Tb5ubzp0bb6UOWqE/qzOiWfG29tnygpHuhRRV+PLIgEVvl2blnJUcYgM4R/6oc8q5eCqXduSJnqmnrE+wcF4fsnQXYtfRW34l38OMGBdFHLW6RFgfIowbgUSrOIFTBkDFcaWKgWeIM7Wkemtr9WIZRm8y4bkaU2Ahz9EzydcOeFMWW8+QqXQmVG1ey/RfhHA5MnZ41hPpvUNHXm/NdBfiujqkwdMXhDqpnbYDSXIHYaq/rbv6Es7mb+KPcOfxNJMv8r1/gyS//0WZ7rFNcRswymdB5b8oNuPmhynDaWdFSrDFxIUd5n4AgvGoTIBMUGN1Zti6noe0FKe/3ZXcEw+qeSBrHZFs3TxV0V6tnv4Oe9rT7thzzPoR1cb+mgauiiKnhelK/0mFbqf/9K2CFVzls7gAwjYCR9WWuBIME/Av6os5+frKay6aWV3ABfFK+xLPHO4Fbe9Z0sHJm2OV1cRLc5c0fs= mariusz@localhost.localdomain\nchpasswd:\n  list: |\n    root:password\n    cloud-user:mypassword\n    ans_mariusz:mypassword\n  expire: False\nruncmd:\n#  - nmcli connection add con-name \"MyConnection\" ifname eth0 type ethernet ip4 192.168.1.10/24 gw4 192.168.1.1\n  - nmcli connection up \"MyConnection\"\n  - echo New MOTD2 \u003e\u003e /etc/motd\n",
            "vars": null
          },
          "sensitive_attributes": []
        }
      ]
    },
    {
      "module": "module.node2",
      "mode": "managed",
      "type": "libvirt_cloudinit_disk",
      "name": "commoninit",
      "provider": "module.node2.provider[\"registry.terraform.io/dmacvicar/libvirt\"]",
      "instances": [
        {
          "schema_version": 0,
          "attributes": {
            "id": "/var/lib/libvirt/images/node2.iso;ecadf950-179a-4b56-9ac7-13ac6cb40c6b",
            "meta_data": "",
            "name": "node2.iso",
            "network_config": "",
            "pool": "default",
            "user_data": "#cloud-config\nusers:\n  - cloud-user\n  - name: ans_mariusz\n    sudo: [\"ALL=(ALL) NOPASSWD:ALL\"]\n    groups: wheel,adm,systemd-journal\n    ssh_pwauth: True\n    ssh_authorized_keys:\n      - ssh-rsa AAAAB3NzaC1yc2EAAAADAQABAAABgQD3GyqLWlUbviexTeQ89n5zUkCNroo56t30KI50Tb5ubzp0bb6UOWqE/qzOiWfG29tnygpHuhRRV+PLIgEVvl2blnJUcYgM4R/6oc8q5eCqXduSJnqmnrE+wcF4fsnQXYtfRW34l38OMGBdFHLW6RFgfIowbgUSrOIFTBkDFcaWKgWeIM7Wkemtr9WIZRm8y4bkaU2Ahz9EzydcOeFMWW8+QqXQmVG1ey/RfhHA5MnZ41hPpvUNHXm/NdBfiujqkwdMXhDqpnbYDSXIHYaq/rbv6Es7mb+KPcOfxNJMv8r1/gyS//0WZ7rFNcRswymdB5b8oNuPmhynDaWdFSrDFxIUd5n4AgvGoTIBMUGN1Zti6noe0FKe/3ZXcEw+qeSBrHZFs3TxV0V6tnv4Oe9rT7thzzPoR1cb+mgauiiKnhelK/0mFbqf/9K2CFVzls7gAwjYCR9WWuBIME/Av6os5+frKay6aWV3ABfFK+xLPHO4Fbe9Z0sHJm2OV1cRLc5c0fs= mariusz@localhost.localdomain\nchpasswd:\n  list: |\n    root:password\n    cloud-user:mypassword\n    ans_mariusz:mypassword\n  expire: False\nruncmd:\n#  - nmcli connection add con-name \"MyConnection\" ifname eth0 type ethernet ip4 192.168.1.10/24 gw4 192.168.1.1\n  - nmcli connection up \"MyConnection\"\n  - echo New MOTD2 \u003e\u003e /etc/motd\n"
          },
          "sensitive_attributes": [],
          "private": "bnVsbA==",
          "dependencies": [
            "module.node2.data.template_file.user_data"
          ]
        }
      ]
    },
    {
      "module": "module.node2",
      "mode": "managed",
      "type": "libvirt_domain",
      "name": "node",
      "provider": "module.node2.provider[\"registry.terraform.io/dmacvicar/libvirt\"]",
      "instances": [
        {
          "schema_version": 0,
          "attributes": {
            "arch": "x86_64",
            "autostart": false,
            "boot_device": [],
            "cloudinit": "/var/lib/libvirt/images/node2.iso;ecadf950-179a-4b56-9ac7-13ac6cb40c6b",
            "cmdline": null,
            "console": [
              {
                "source_host": "127.0.0.1",
                "source_path": "",
                "source_service": "0",
                "target_port": "0",
                "target_type": "serial",
                "type": "pty"
              }
            ],
            "coreos_ignition": null,
            "cpu": [
              {
                "mode": "custom"
              }
            ],
            "description": "",
            "disk": [
              {
                "block_device": "",
                "file": "",
                "scsi": false,
                "url": "",
                "volume_id": "/var/lib/libvirt/images/node2",
                "wwn": ""
              },
              {
                "block_device": "",
                "file": "",
                "scsi": false,
                "url": "",
                "volume_id": "/var/lib/libvirt/images/node2-disk",
                "wwn": ""
              }
            ],
            "emulator": "/usr/libexec/qemu-kvm",
            "filesystem": [],
            "firmware": null,
            "fw_cfg_name": "opt/com.coreos/config",
            "graphics": [
              {
                "autoport": true,
                "listen_address": "127.0.0.1",
                "listen_type": "none",
                "type": "vnc",
                "websocket": 0
              }
            ],
            "id": "caf4b438-aeec-40e8-9a66-b8683e781bb5",
            "initrd": "",
            "kernel": "",
            "machine": "pc",
            "memory": 2024,
            "metadata": null,
            "name": "node2",
            "network_interface": [
              {
                "addresses": [],
                "bridge": "",
                "hostname": "",
                "mac": "52:54:00:26:CD:53",
                "macvtap": "",
                "network_id": "9e9a8111-2e9d-447f-8bbd-5ee4e5b36f5a",
                "network_name": "internal",
                "passthrough": "",
                "vepa": "",
                "wait_for_lease": false
              }
            ],
            "nvram": [],
            "qemu_agent": false,
            "running": true,
            "timeouts": null,
            "tpm": [],
            "type": "kvm",
            "vcpu": 1,
            "video": [],
            "xml": []
          },
          "sensitive_attributes": [],
          "private": "eyJlMmJmYjczMC1lY2FhLTExZTYtOGY4OC0zNDM2M2JjN2M0YzAiOnsiY3JlYXRlIjozMDAwMDAwMDAwMDB9fQ==",
          "dependencies": [
            "module.node2.data.template_file.user_data",
            "module.node2.libvirt_cloudinit_disk.commoninit",
            "module.node2.libvirt_volume.node_cloud_image",
            "module.node2.libvirt_volume.node_system_drive"
          ]
        }
      ]
    },
    {
      "module": "module.node2",
      "mode": "managed",
      "type": "libvirt_volume",
      "name": "node_cloud_image",
      "provider": "module.node2.provider[\"registry.terraform.io/dmacvicar/libvirt\"]",
      "instances": [
        {
          "schema_version": 0,
          "attributes": {
            "base_volume_id": null,
            "base_volume_name": null,
            "base_volume_pool": null,
            "format": "qcow2",
            "id": "/var/lib/libvirt/images/node2",
            "name": "node2",
            "pool": "default",
            "size": 10737418240,
            "source": "/home/mariusz/p2/terra_kvm/meta/rhel/rhel-8-node2.qcow2",
            "xml": []
          },
          "sensitive_attributes": [],
          "private": "bnVsbA=="
        }
      ]
    },
    {
      "module": "module.node2",
      "mode": "managed",
      "type": "libvirt_volume",
      "name": "node_system_drive",
      "provider": "module.node2.provider[\"registry.terraform.io/dmacvicar/libvirt\"]",
      "instances": [
        {
          "schema_version": 0,
          "attributes": {
            "base_volume_id": null,
            "base_volume_name": null,
            "base_volume_pool": null,
            "format": "qcow2",
            "id": "/var/lib/libvirt/images/node2-disk",
            "name": "node2-disk",
            "pool": "default",
            "size": 1024,
            "source": null,
            "xml": []
          },
          "sensitive_attributes": [],
          "private": "bnVsbA=="
        }
      ]
    }
  ],
  "check_results": null
}
