{
  "version": 4,
  "terraform_version": "1.7.1",
  "serial": 43,
  "lineage": "0b8b92fc-661a-f1ed-251a-4ddc8c64de31",
  "outputs": {},
  "resources": [
    {
      "module": "module.control_node",
      "mode": "data",
      "type": "template_file",
      "name": "user_data",
      "provider": "provider[\"registry.terraform.io/hashicorp/template\"]",
      "instances": [
        {
          "schema_version": 0,
          "attributes": {
            "filename": null,
            "id": "da38fd845fafc0a7427d7b21d2d3acf9adcf17cac04df3c64f46d91104bed49b",
            "rendered": "#cloud-config\nusers:\n  - cloud-user\n  - name: ans_mariusz\n    sudo: [\"ALL=(ALL) NOPASSWD:ALL\"]\n    groups: wheel,adm,systemd-journal\n    ssh_pwauth: True\n    ssh_authorized_keys:\n      - ssh-rsa AAAAB3NzaC1yc2EAAAADAQABAAABgQDHvUJcTqZ1qbkv8DSaAwWDZjQWOMt2shUNeHMyw3xRg4t8VDSf+pWyQTeUVAQcSiBt6RRz8rtqxcJbCqDBD7Znzn2LxHl4SPHuAX0YX63sYO7m0OJYyJ2dVYMu8kNejMgAbaBD7gXxHaMsI9+J87PzC/dG9xkobwpxboisYHhM+ncFXbCQX0NrjBekpsAp+RIdARKzR7gg9gGC1gn3As/75Dp2HFEx6tu5t+zkB49/6h+qJ2peFn9J/2uMxUWVXRLP0LmOFU0oz4jZi3otiOn1gOnaX6MB7trvfqMW5W2ktkhxHV5R+Zc9Ll2ZJp/n6rAMkh7p034ione3URJ/sDUw0ZQxK5FXb1TBAePcY1mBeph/YXbA56sBokIPI3AXQr1E7fgXavvogrrzrqhsx2rQsdKP3xJ5/Jxu493+ghIxu/kUSkUj+9TWZoia7z73qflZgUXiUx93CDagZTeMWE5tjXEk5JAzGSuv/XFhCEvxvyojWciV/NCD8ettx6phNik= mariusz@localhost.localdomain\nchpasswd:\n  list: |\n    root:password\n    cloud-user:mypassword\n    ans_mariusz:mypassword\n  expire: False\nruncmd:\n  ### Network\n  - nmcli connection add con-name \"DefaultCon\" ifname eth0 type ethernet ip4 192.168.2.10/24 gw4 192.168.2.1 ipv4.dns \"8.8.8.8 8.8.4.4\"\n  - nmcli connection down \"DefaultCon\"\n  - nmcli connection up \"DefaultCon\"\n  ### Meta data\n  - mkdir /mnt/meta\n  - mount -t iso9660 -o loop /dev/sr1 /mnt/meta\n  ### Ansible \n  - mkdir /mnt/ansible\n  - mount -t iso9660 -o loop /dev/sr2 /mnt/ansible\n  ### Repos\n  - mkdir /mnt/repos\n  - mount -t iso9660 -o loop /dev/sr0 /mnt/repos\n  # Copy all the repos configuration files to the yum.repos.d\n  - /usr/bin/cp /mnt/meta/repo_files/* /etc/yum.repos.d/\n  ### Ansible\n  # Ansible collection installation\n  - /usr/bin/sed -i \"s/PasswordAuthentication no/PasswordAuthentication yes/g\" /etc/ssh/sshd_config\n  - /usr/bin/systemctl restart sshd\n  # - sudo -u ans_mariusz ansible-galaxy collection install community.general\n  # - sudo -u ansible-galaxy collection install ansible.posix\n",
            "template": "#cloud-config\nusers:\n  - cloud-user\n  - name: ans_mariusz\n    sudo: [\"ALL=(ALL) NOPASSWD:ALL\"]\n    groups: wheel,adm,systemd-journal\n    ssh_pwauth: True\n    ssh_authorized_keys:\n      - ssh-rsa AAAAB3NzaC1yc2EAAAADAQABAAABgQDHvUJcTqZ1qbkv8DSaAwWDZjQWOMt2shUNeHMyw3xRg4t8VDSf+pWyQTeUVAQcSiBt6RRz8rtqxcJbCqDBD7Znzn2LxHl4SPHuAX0YX63sYO7m0OJYyJ2dVYMu8kNejMgAbaBD7gXxHaMsI9+J87PzC/dG9xkobwpxboisYHhM+ncFXbCQX0NrjBekpsAp+RIdARKzR7gg9gGC1gn3As/75Dp2HFEx6tu5t+zkB49/6h+qJ2peFn9J/2uMxUWVXRLP0LmOFU0oz4jZi3otiOn1gOnaX6MB7trvfqMW5W2ktkhxHV5R+Zc9Ll2ZJp/n6rAMkh7p034ione3URJ/sDUw0ZQxK5FXb1TBAePcY1mBeph/YXbA56sBokIPI3AXQr1E7fgXavvogrrzrqhsx2rQsdKP3xJ5/Jxu493+ghIxu/kUSkUj+9TWZoia7z73qflZgUXiUx93CDagZTeMWE5tjXEk5JAzGSuv/XFhCEvxvyojWciV/NCD8ettx6phNik= mariusz@localhost.localdomain\nchpasswd:\n  list: |\n    root:password\n    cloud-user:mypassword\n    ans_mariusz:mypassword\n  expire: False\nruncmd:\n  ### Network\n  - nmcli connection add con-name \"DefaultCon\" ifname eth0 type ethernet ip4 192.168.2.10/24 gw4 192.168.2.1 ipv4.dns \"8.8.8.8 8.8.4.4\"\n  - nmcli connection down \"DefaultCon\"\n  - nmcli connection up \"DefaultCon\"\n  ### Meta data\n  - mkdir /mnt/meta\n  - mount -t iso9660 -o loop /dev/sr1 /mnt/meta\n  ### Ansible \n  - mkdir /mnt/ansible\n  - mount -t iso9660 -o loop /dev/sr2 /mnt/ansible\n  ### Repos\n  - mkdir /mnt/repos\n  - mount -t iso9660 -o loop /dev/sr0 /mnt/repos\n  # Copy all the repos configuration files to the yum.repos.d\n  - /usr/bin/cp /mnt/meta/repo_files/* /etc/yum.repos.d/\n  ### Ansible\n  # Ansible collection installation\n  - /usr/bin/sed -i \"s/PasswordAuthentication no/PasswordAuthentication yes/g\" /etc/ssh/sshd_config\n  - /usr/bin/systemctl restart sshd\n  # - sudo -u ans_mariusz ansible-galaxy collection install community.general\n  # - sudo -u ansible-galaxy collection install ansible.posix\n",
            "vars": null
          },
          "sensitive_attributes": []
        }
      ]
    },
    {
      "module": "module.control_node",
      "mode": "managed",
      "type": "libvirt_cloudinit_disk",
      "name": "commoninit",
      "provider": "module.control_node.provider[\"registry.terraform.io/dmacvicar/libvirt\"]",
      "instances": [
        {
          "schema_version": 0,
          "attributes": {
            "id": "/var/lib/libvirt/images/control_plane.iso;0fdaf2e8-acb9-4fd7-b9a4-805125c45585",
            "meta_data": "",
            "name": "control_plane.iso",
            "network_config": "",
            "pool": "default",
            "user_data": "#cloud-config\nusers:\n  - cloud-user\n  - name: ans_mariusz\n    sudo: [\"ALL=(ALL) NOPASSWD:ALL\"]\n    groups: wheel,adm,systemd-journal\n    ssh_pwauth: True\n    ssh_authorized_keys:\n      - ssh-rsa AAAAB3NzaC1yc2EAAAADAQABAAABgQDHvUJcTqZ1qbkv8DSaAwWDZjQWOMt2shUNeHMyw3xRg4t8VDSf+pWyQTeUVAQcSiBt6RRz8rtqxcJbCqDBD7Znzn2LxHl4SPHuAX0YX63sYO7m0OJYyJ2dVYMu8kNejMgAbaBD7gXxHaMsI9+J87PzC/dG9xkobwpxboisYHhM+ncFXbCQX0NrjBekpsAp+RIdARKzR7gg9gGC1gn3As/75Dp2HFEx6tu5t+zkB49/6h+qJ2peFn9J/2uMxUWVXRLP0LmOFU0oz4jZi3otiOn1gOnaX6MB7trvfqMW5W2ktkhxHV5R+Zc9Ll2ZJp/n6rAMkh7p034ione3URJ/sDUw0ZQxK5FXb1TBAePcY1mBeph/YXbA56sBokIPI3AXQr1E7fgXavvogrrzrqhsx2rQsdKP3xJ5/Jxu493+ghIxu/kUSkUj+9TWZoia7z73qflZgUXiUx93CDagZTeMWE5tjXEk5JAzGSuv/XFhCEvxvyojWciV/NCD8ettx6phNik= mariusz@localhost.localdomain\nchpasswd:\n  list: |\n    root:password\n    cloud-user:mypassword\n    ans_mariusz:mypassword\n  expire: False\nruncmd:\n  ### Network\n  - nmcli connection add con-name \"DefaultCon\" ifname eth0 type ethernet ip4 192.168.2.10/24 gw4 192.168.2.1 ipv4.dns \"8.8.8.8 8.8.4.4\"\n  - nmcli connection down \"DefaultCon\"\n  - nmcli connection up \"DefaultCon\"\n  ### Meta data\n  - mkdir /mnt/meta\n  - mount -t iso9660 -o loop /dev/sr1 /mnt/meta\n  ### Ansible \n  - mkdir /mnt/ansible\n  - mount -t iso9660 -o loop /dev/sr2 /mnt/ansible\n  ### Repos\n  - mkdir /mnt/repos\n  - mount -t iso9660 -o loop /dev/sr0 /mnt/repos\n  # Copy all the repos configuration files to the yum.repos.d\n  - /usr/bin/cp /mnt/meta/repo_files/* /etc/yum.repos.d/\n  ### Ansible\n  # Ansible collection installation\n  - /usr/bin/sed -i \"s/PasswordAuthentication no/PasswordAuthentication yes/g\" /etc/ssh/sshd_config\n  - /usr/bin/systemctl restart sshd\n  # - sudo -u ans_mariusz ansible-galaxy collection install community.general\n  # - sudo -u ansible-galaxy collection install ansible.posix\n"
          },
          "sensitive_attributes": [],
          "private": "bnVsbA==",
          "dependencies": [
            "module.control_node.data.template_file.user_data"
          ]
        }
      ]
    },
    {
      "module": "module.control_node",
      "mode": "managed",
      "type": "libvirt_domain",
      "name": "node",
      "provider": "module.control_node.provider[\"registry.terraform.io/dmacvicar/libvirt\"]",
      "instances": [
        {
          "schema_version": 0,
          "attributes": {
            "arch": "x86_64",
            "autostart": false,
            "boot_device": [],
            "cloudinit": "/var/lib/libvirt/images/control_plane.iso;0fdaf2e8-acb9-4fd7-b9a4-805125c45585",
            "cmdline": null,
            "console": [
              {
                "source_host": "127.0.0.1",
                "source_path": "",
                "source_service": "0",
                "target_port": "0",
                "target_type": "serial",
                "type": "pty"
              }
            ],
            "coreos_ignition": null,
            "cpu": [
              {
                "mode": "custom"
              }
            ],
            "description": "",
            "disk": [
              {
                "block_device": "",
                "file": "",
                "scsi": false,
                "url": "",
                "volume_id": "/var/lib/libvirt/images/control_plane",
                "wwn": ""
              },
              {
                "block_device": "",
                "file": "/home/mariusz/p2-meta/repo/repos.iso",
                "scsi": false,
                "url": "",
                "volume_id": "",
                "wwn": ""
              },
              {
                "block_device": "",
                "file": "/home/mariusz/p2-inz-project/Meta/meta.iso",
                "scsi": false,
                "url": "",
                "volume_id": "",
                "wwn": ""
              },
              {
                "block_device": "",
                "file": "/home/mariusz/p2-inz-project/Meta/ansible.iso",
                "scsi": false,
                "url": "",
                "volume_id": "",
                "wwn": ""
              }
            ],
            "emulator": "/usr/libexec/qemu-kvm",
            "filesystem": [],
            "firmware": null,
            "fw_cfg_name": "opt/com.coreos/config",
            "graphics": [
              {
                "autoport": true,
                "listen_address": "127.0.0.1",
                "listen_type": "none",
                "type": "vnc",
                "websocket": 0
              }
            ],
            "id": "08c3013a-75f9-4d12-8a43-d2c3e68aa1df",
            "initrd": "",
            "kernel": "",
            "machine": "pc",
            "memory": 2024,
            "metadata": null,
            "name": "control_plane",
            "network_interface": [
              {
                "addresses": [],
                "bridge": "",
                "hostname": "",
                "mac": "52:54:00:FA:B9:72",
                "macvtap": "",
                "network_id": "c27c78a2-8eea-49ac-ba05-61f73ad1d39d",
                "network_name": "internal",
                "passthrough": "",
                "vepa": "",
                "wait_for_lease": false
              }
            ],
            "nvram": [],
            "qemu_agent": false,
            "running": true,
            "timeouts": null,
            "tpm": [],
            "type": "kvm",
            "vcpu": 2,
            "video": [],
            "xml": []
          },
          "sensitive_attributes": [],
          "private": "eyJlMmJmYjczMC1lY2FhLTExZTYtOGY4OC0zNDM2M2JjN2M0YzAiOnsiY3JlYXRlIjozMDAwMDAwMDAwMDB9fQ==",
          "dependencies": [
            "module.control_node.data.template_file.user_data",
            "module.control_node.libvirt_cloudinit_disk.commoninit",
            "module.control_node.libvirt_volume.node_cloud_image"
          ]
        }
      ]
    },
    {
      "module": "module.control_node",
      "mode": "managed",
      "type": "libvirt_volume",
      "name": "node_cloud_image",
      "provider": "module.control_node.provider[\"registry.terraform.io/dmacvicar/libvirt\"]",
      "instances": [
        {
          "schema_version": 0,
          "attributes": {
            "base_volume_id": null,
            "base_volume_name": null,
            "base_volume_pool": null,
            "format": "qcow2",
            "id": "/var/lib/libvirt/images/control_plane",
            "name": "control_plane",
            "pool": "default",
            "size": 10737418240,
            "source": "/home/mariusz/p2-meta/rhel/rhel-8-control-plane.qcow2",
            "xml": []
          },
          "sensitive_attributes": [],
          "private": "bnVsbA=="
        }
      ]
    },
    {
      "module": "module.network",
      "mode": "managed",
      "type": "libvirt_network",
      "name": "internal",
      "provider": "module.network.provider[\"registry.terraform.io/dmacvicar/libvirt\"]",
      "instances": [
        {
          "schema_version": 0,
          "attributes": {
            "addresses": [
              "192.168.2.0/24"
            ],
            "autostart": false,
            "bridge": "virbr0",
            "dhcp": [
              {
                "enabled": true
              }
            ],
            "dns": [
              {
                "enabled": false,
                "forwarders": [],
                "hosts": [],
                "local_only": false,
                "srvs": []
              }
            ],
            "dnsmasq_options": [],
            "domain": null,
            "id": "c27c78a2-8eea-49ac-ba05-61f73ad1d39d",
            "mode": "nat",
            "mtu": null,
            "name": "internal",
            "routes": [],
            "xml": []
          },
          "sensitive_attributes": [],
          "private": "bnVsbA=="
        }
      ]
    },
    {
      "module": "module.node1",
      "mode": "data",
      "type": "template_file",
      "name": "user_data",
      "provider": "provider[\"registry.terraform.io/hashicorp/template\"]",
      "instances": [
        {
          "schema_version": 0,
          "attributes": {
            "filename": null,
            "id": "ba67d46ebca6b05afa72ea554827989f2b765504453b38c135a9d92eb1b009bc",
            "rendered": "#cloud-config\nusers:\n  - cloud-user\n  - name: ans_mariusz\n    sudo: [\"ALL=(ALL) NOPASSWD:ALL\"]\n    groups: wheel,adm,systemd-journal\n    ssh_pwauth: True\n    ssh_authorized_keys:\n      - ssh-rsa AAAAB3NzaC1yc2EAAAADAQABAAABgQD3GyqLWlUbviexTeQ89n5zUkCNroo56t30KI50Tb5ubzp0bb6UOWqE/qzOiWfG29tnygpHuhRRV+PLIgEVvl2blnJUcYgM4R/6oc8q5eCqXduSJnqmnrE+wcF4fsnQXYtfRW34l38OMGBdFHLW6RFgfIowbgUSrOIFTBkDFcaWKgWeIM7Wkemtr9WIZRm8y4bkaU2Ahz9EzydcOeFMWW8+QqXQmVG1ey/RfhHA5MnZ41hPpvUNHXm/NdBfiujqkwdMXhDqpnbYDSXIHYaq/rbv6Es7mb+KPcOfxNJMv8r1/gyS//0WZ7rFNcRswymdB5b8oNuPmhynDaWdFSrDFxIUd5n4AgvGoTIBMUGN1Zti6noe0FKe/3ZXcEw+qeSBrHZFs3TxV0V6tnv4Oe9rT7thzzPoR1cb+mgauiiKnhelK/0mFbqf/9K2CFVzls7gAwjYCR9WWuBIME/Av6os5+frKay6aWV3ABfFK+xLPHO4Fbe9Z0sHJm2OV1cRLc5c0fs= mariusz@localhost.localdomain\nchpasswd:\n  list: |\n    root:password\n    cloud-user:mypassword\n    ans_mariusz:mypassword\n  expire: False\nruncmd:\n#  - nmcli connection add con-name \"MyConnection\" ifname eth0 type ethernet ip4 192.168.1.10/24 gw4 192.168.1.1\n  - nmcli connection up \"MyConnection\"\n  - echo New MOTD2 \u003e\u003e /etc/motd\n",
            "template": "#cloud-config\nusers:\n  - cloud-user\n  - name: ans_mariusz\n    sudo: [\"ALL=(ALL) NOPASSWD:ALL\"]\n    groups: wheel,adm,systemd-journal\n    ssh_pwauth: True\n    ssh_authorized_keys:\n      - ssh-rsa AAAAB3NzaC1yc2EAAAADAQABAAABgQD3GyqLWlUbviexTeQ89n5zUkCNroo56t30KI50Tb5ubzp0bb6UOWqE/qzOiWfG29tnygpHuhRRV+PLIgEVvl2blnJUcYgM4R/6oc8q5eCqXduSJnqmnrE+wcF4fsnQXYtfRW34l38OMGBdFHLW6RFgfIowbgUSrOIFTBkDFcaWKgWeIM7Wkemtr9WIZRm8y4bkaU2Ahz9EzydcOeFMWW8+QqXQmVG1ey/RfhHA5MnZ41hPpvUNHXm/NdBfiujqkwdMXhDqpnbYDSXIHYaq/rbv6Es7mb+KPcOfxNJMv8r1/gyS//0WZ7rFNcRswymdB5b8oNuPmhynDaWdFSrDFxIUd5n4AgvGoTIBMUGN1Zti6noe0FKe/3ZXcEw+qeSBrHZFs3TxV0V6tnv4Oe9rT7thzzPoR1cb+mgauiiKnhelK/0mFbqf/9K2CFVzls7gAwjYCR9WWuBIME/Av6os5+frKay6aWV3ABfFK+xLPHO4Fbe9Z0sHJm2OV1cRLc5c0fs= mariusz@localhost.localdomain\nchpasswd:\n  list: |\n    root:password\n    cloud-user:mypassword\n    ans_mariusz:mypassword\n  expire: False\nruncmd:\n#  - nmcli connection add con-name \"MyConnection\" ifname eth0 type ethernet ip4 192.168.1.10/24 gw4 192.168.1.1\n  - nmcli connection up \"MyConnection\"\n  - echo New MOTD2 \u003e\u003e /etc/motd\n",
            "vars": null
          },
          "sensitive_attributes": []
        }
      ]
    },
    {
      "module": "module.node1",
      "mode": "managed",
      "type": "libvirt_cloudinit_disk",
      "name": "commoninit",
      "provider": "module.node1.provider[\"registry.terraform.io/dmacvicar/libvirt\"]",
      "instances": [
        {
          "schema_version": 0,
          "attributes": {
            "id": "/var/lib/libvirt/images/node1.iso;5df0aff2-4569-46c0-a8f4-d95b1231db6d",
            "meta_data": "",
            "name": "node1.iso",
            "network_config": "",
            "pool": "default",
            "user_data": "#cloud-config\nusers:\n  - cloud-user\n  - name: ans_mariusz\n    sudo: [\"ALL=(ALL) NOPASSWD:ALL\"]\n    groups: wheel,adm,systemd-journal\n    ssh_pwauth: True\n    ssh_authorized_keys:\n      - ssh-rsa AAAAB3NzaC1yc2EAAAADAQABAAABgQD3GyqLWlUbviexTeQ89n5zUkCNroo56t30KI50Tb5ubzp0bb6UOWqE/qzOiWfG29tnygpHuhRRV+PLIgEVvl2blnJUcYgM4R/6oc8q5eCqXduSJnqmnrE+wcF4fsnQXYtfRW34l38OMGBdFHLW6RFgfIowbgUSrOIFTBkDFcaWKgWeIM7Wkemtr9WIZRm8y4bkaU2Ahz9EzydcOeFMWW8+QqXQmVG1ey/RfhHA5MnZ41hPpvUNHXm/NdBfiujqkwdMXhDqpnbYDSXIHYaq/rbv6Es7mb+KPcOfxNJMv8r1/gyS//0WZ7rFNcRswymdB5b8oNuPmhynDaWdFSrDFxIUd5n4AgvGoTIBMUGN1Zti6noe0FKe/3ZXcEw+qeSBrHZFs3TxV0V6tnv4Oe9rT7thzzPoR1cb+mgauiiKnhelK/0mFbqf/9K2CFVzls7gAwjYCR9WWuBIME/Av6os5+frKay6aWV3ABfFK+xLPHO4Fbe9Z0sHJm2OV1cRLc5c0fs= mariusz@localhost.localdomain\nchpasswd:\n  list: |\n    root:password\n    cloud-user:mypassword\n    ans_mariusz:mypassword\n  expire: False\nruncmd:\n#  - nmcli connection add con-name \"MyConnection\" ifname eth0 type ethernet ip4 192.168.1.10/24 gw4 192.168.1.1\n  - nmcli connection up \"MyConnection\"\n  - echo New MOTD2 \u003e\u003e /etc/motd\n"
          },
          "sensitive_attributes": [],
          "private": "bnVsbA==",
          "dependencies": [
            "module.node1.data.template_file.user_data"
          ]
        }
      ]
    },
    {
      "module": "module.node1",
      "mode": "managed",
      "type": "libvirt_domain",
      "name": "node",
      "provider": "module.node1.provider[\"registry.terraform.io/dmacvicar/libvirt\"]",
      "instances": [
        {
          "schema_version": 0,
          "attributes": {
            "arch": "x86_64",
            "autostart": false,
            "boot_device": [],
            "cloudinit": "/var/lib/libvirt/images/node1.iso;5df0aff2-4569-46c0-a8f4-d95b1231db6d",
            "cmdline": null,
            "console": [
              {
                "source_host": "127.0.0.1",
                "source_path": "",
                "source_service": "0",
                "target_port": "0",
                "target_type": "serial",
                "type": "pty"
              }
            ],
            "coreos_ignition": null,
            "cpu": [
              {
                "mode": "custom"
              }
            ],
            "description": "",
            "disk": [
              {
                "block_device": "",
                "file": "",
                "scsi": false,
                "url": "",
                "volume_id": "/var/lib/libvirt/images/node1",
                "wwn": ""
              },
              {
                "block_device": "",
                "file": "",
                "scsi": false,
                "url": "",
                "volume_id": "/var/lib/libvirt/images/node1-disk",
                "wwn": ""
              }
            ],
            "emulator": "/usr/libexec/qemu-kvm",
            "filesystem": [],
            "firmware": null,
            "fw_cfg_name": "opt/com.coreos/config",
            "graphics": [
              {
                "autoport": true,
                "listen_address": "127.0.0.1",
                "listen_type": "none",
                "type": "vnc",
                "websocket": 0
              }
            ],
            "id": "efd88686-95fe-4a93-8cf9-141844d8c9ac",
            "initrd": "",
            "kernel": "",
            "machine": "pc",
            "memory": 2024,
            "metadata": null,
            "name": "node1",
            "network_interface": [
              {
                "addresses": [],
                "bridge": "",
                "hostname": "",
                "mac": "52:54:00:EE:7E:D8",
                "macvtap": "",
                "network_id": "c27c78a2-8eea-49ac-ba05-61f73ad1d39d",
                "network_name": "internal",
                "passthrough": "",
                "vepa": "",
                "wait_for_lease": false
              }
            ],
            "nvram": [],
            "qemu_agent": false,
            "running": true,
            "timeouts": null,
            "tpm": [],
            "type": "kvm",
            "vcpu": 1,
            "video": [],
            "xml": []
          },
          "sensitive_attributes": [],
          "private": "eyJlMmJmYjczMC1lY2FhLTExZTYtOGY4OC0zNDM2M2JjN2M0YzAiOnsiY3JlYXRlIjozMDAwMDAwMDAwMDB9fQ==",
          "dependencies": [
            "module.node1.data.template_file.user_data",
            "module.node1.libvirt_cloudinit_disk.commoninit",
            "module.node1.libvirt_volume.node_cloud_image",
            "module.node1.libvirt_volume.node_system_drive"
          ]
        }
      ]
    },
    {
      "module": "module.node1",
      "mode": "managed",
      "type": "libvirt_volume",
      "name": "node_cloud_image",
      "provider": "module.node1.provider[\"registry.terraform.io/dmacvicar/libvirt\"]",
      "instances": [
        {
          "schema_version": 0,
          "attributes": {
            "base_volume_id": null,
            "base_volume_name": null,
            "base_volume_pool": null,
            "format": "qcow2",
            "id": "/var/lib/libvirt/images/node1",
            "name": "node1",
            "pool": "default",
            "size": 10737418240,
            "source": "/home/mariusz/p2-meta/rhel/rhel-8-node1.qcow2",
            "xml": []
          },
          "sensitive_attributes": [],
          "private": "bnVsbA=="
        }
      ]
    },
    {
      "module": "module.node1",
      "mode": "managed",
      "type": "libvirt_volume",
      "name": "node_system_drive",
      "provider": "module.node1.provider[\"registry.terraform.io/dmacvicar/libvirt\"]",
      "instances": [
        {
          "schema_version": 0,
          "attributes": {
            "base_volume_id": null,
            "base_volume_name": null,
            "base_volume_pool": null,
            "format": "qcow2",
            "id": "/var/lib/libvirt/images/node1-disk",
            "name": "node1-disk",
            "pool": "default",
            "size": 1024,
            "source": null,
            "xml": []
          },
          "sensitive_attributes": [],
          "private": "bnVsbA=="
        }
      ]
    }
  ],
  "check_results": null
}
