{
  "version": 4,
  "terraform_version": "1.7.1",
  "serial": 73,
  "lineage": "c1e00f51-4874-8dc8-bbbf-167905147ba1",
  "outputs": {},
  "resources": [
    {
      "module": "module.control_node",
      "mode": "data",
      "type": "template_file",
      "name": "user_data",
      "provider": "provider[\"registry.terraform.io/hashicorp/template\"]",
      "instances": [
        {
          "schema_version": 0,
          "attributes": {
            "filename": null,
            "id": "a5ca65ad5c3a51df338b93476ce0e10e57de2614c6d84183199219819881f39e",
            "rendered": "#cloud-config\nusers:\n  - cloud-user\n  - name: ans_mariusz\n    sudo: [\"ALL=(ALL) NOPASSWD:ALL\"]\n    groups: wheel,adm,systemd-journal\n    ssh_pwauth: True\n    ssh_authorized_keys:\n      - ssh-rsa AAAAB3NzaC1yc2EAAAADAQABAAABgQDHvUJcTqZ1qbkv8DSaAwWDZjQWOMt2shUNeHMyw3xRg4t8VDSf+pWyQTeUVAQcSiBt6RRz8rtqxcJbCqDBD7Znzn2LxHl4SPHuAX0YX63sYO7m0OJYyJ2dVYMu8kNejMgAbaBD7gXxHaMsI9+J87PzC/dG9xkobwpxboisYHhM+ncFXbCQX0NrjBekpsAp+RIdARKzR7gg9gGC1gn3As/75Dp2HFEx6tu5t+zkB49/6h+qJ2peFn9J/2uMxUWVXRLP0LmOFU0oz4jZi3otiOn1gOnaX6MB7trvfqMW5W2ktkhxHV5R+Zc9Ll2ZJp/n6rAMkh7p034ione3URJ/sDUw0ZQxK5FXb1TBAePcY1mBeph/YXbA56sBokIPI3AXQr1E7fgXavvogrrzrqhsx2rQsdKP3xJ5/Jxu493+ghIxu/kUSkUj+9TWZoia7z73qflZgUXiUx93CDagZTeMWE5tjXEk5JAzGSuv/XFhCEvxvyojWciV/NCD8ettx6phNik= mariusz@localhost.localdomain\nchpasswd:\n  list: |\n    root:password\n    cloud-user:mypassword\n    ans_mariusz:mypassword\n  expire: False\nruncmd:\n  # Connection settings \n  - nmcli connection add con-name \"DefaultCon\" ifname eth0 type ethernet ip4 192.168.2.10/24 gw4 192.168.2.1 ipv4.dns \"8.8.8.8 8.8.4.4\"\n  - nmcli connection down \"DefaultCon\"\n  - nmcli connection up \"DefaultCon\"\n  # Ansible\n  - ansible-galaxy collection install community.general\n  - ansible-galaxy collection install ansible.posix\n  # Random stuff \n  - echo MOTD control_plane \u003e\u003e /etc/motd\n  # Repos\n  - mkdir /mnt/repos\n  - mount -t iso9660 -o loop /dev/sr0 /mnt/repos\n",
            "template": "#cloud-config\nusers:\n  - cloud-user\n  - name: ans_mariusz\n    sudo: [\"ALL=(ALL) NOPASSWD:ALL\"]\n    groups: wheel,adm,systemd-journal\n    ssh_pwauth: True\n    ssh_authorized_keys:\n      - ssh-rsa AAAAB3NzaC1yc2EAAAADAQABAAABgQDHvUJcTqZ1qbkv8DSaAwWDZjQWOMt2shUNeHMyw3xRg4t8VDSf+pWyQTeUVAQcSiBt6RRz8rtqxcJbCqDBD7Znzn2LxHl4SPHuAX0YX63sYO7m0OJYyJ2dVYMu8kNejMgAbaBD7gXxHaMsI9+J87PzC/dG9xkobwpxboisYHhM+ncFXbCQX0NrjBekpsAp+RIdARKzR7gg9gGC1gn3As/75Dp2HFEx6tu5t+zkB49/6h+qJ2peFn9J/2uMxUWVXRLP0LmOFU0oz4jZi3otiOn1gOnaX6MB7trvfqMW5W2ktkhxHV5R+Zc9Ll2ZJp/n6rAMkh7p034ione3URJ/sDUw0ZQxK5FXb1TBAePcY1mBeph/YXbA56sBokIPI3AXQr1E7fgXavvogrrzrqhsx2rQsdKP3xJ5/Jxu493+ghIxu/kUSkUj+9TWZoia7z73qflZgUXiUx93CDagZTeMWE5tjXEk5JAzGSuv/XFhCEvxvyojWciV/NCD8ettx6phNik= mariusz@localhost.localdomain\nchpasswd:\n  list: |\n    root:password\n    cloud-user:mypassword\n    ans_mariusz:mypassword\n  expire: False\nruncmd:\n  # Connection settings \n  - nmcli connection add con-name \"DefaultCon\" ifname eth0 type ethernet ip4 192.168.2.10/24 gw4 192.168.2.1 ipv4.dns \"8.8.8.8 8.8.4.4\"\n  - nmcli connection down \"DefaultCon\"\n  - nmcli connection up \"DefaultCon\"\n  # Ansible\n  - ansible-galaxy collection install community.general\n  - ansible-galaxy collection install ansible.posix\n  # Random stuff \n  - echo MOTD control_plane \u003e\u003e /etc/motd\n  # Repos\n  - mkdir /mnt/repos\n  - mount -t iso9660 -o loop /dev/sr0 /mnt/repos\n",
            "vars": null
          },
          "sensitive_attributes": []
        }
      ]
    },
    {
      "module": "module.control_node",
      "mode": "managed",
      "type": "libvirt_cloudinit_disk",
      "name": "commoninit",
      "provider": "module.control_node.provider[\"registry.terraform.io/dmacvicar/libvirt\"]",
      "instances": [
        {
          "schema_version": 0,
          "attributes": {
            "id": "/var/lib/libvirt/images/control_plane.iso;9c7689de-75e6-47fd-95c9-2b7933477241",
            "meta_data": "",
            "name": "control_plane.iso",
            "network_config": "",
            "pool": "default",
            "user_data": "#cloud-config\nusers:\n  - cloud-user\n  - name: ans_mariusz\n    sudo: [\"ALL=(ALL) NOPASSWD:ALL\"]\n    groups: wheel,adm,systemd-journal\n    ssh_pwauth: True\n    ssh_authorized_keys:\n      - ssh-rsa AAAAB3NzaC1yc2EAAAADAQABAAABgQDHvUJcTqZ1qbkv8DSaAwWDZjQWOMt2shUNeHMyw3xRg4t8VDSf+pWyQTeUVAQcSiBt6RRz8rtqxcJbCqDBD7Znzn2LxHl4SPHuAX0YX63sYO7m0OJYyJ2dVYMu8kNejMgAbaBD7gXxHaMsI9+J87PzC/dG9xkobwpxboisYHhM+ncFXbCQX0NrjBekpsAp+RIdARKzR7gg9gGC1gn3As/75Dp2HFEx6tu5t+zkB49/6h+qJ2peFn9J/2uMxUWVXRLP0LmOFU0oz4jZi3otiOn1gOnaX6MB7trvfqMW5W2ktkhxHV5R+Zc9Ll2ZJp/n6rAMkh7p034ione3URJ/sDUw0ZQxK5FXb1TBAePcY1mBeph/YXbA56sBokIPI3AXQr1E7fgXavvogrrzrqhsx2rQsdKP3xJ5/Jxu493+ghIxu/kUSkUj+9TWZoia7z73qflZgUXiUx93CDagZTeMWE5tjXEk5JAzGSuv/XFhCEvxvyojWciV/NCD8ettx6phNik= mariusz@localhost.localdomain\nchpasswd:\n  list: |\n    root:password\n    cloud-user:mypassword\n    ans_mariusz:mypassword\n  expire: False\nruncmd:\n  # Connection settings \n  - nmcli connection add con-name \"DefaultCon\" ifname eth0 type ethernet ip4 192.168.2.10/24 gw4 192.168.2.1 ipv4.dns \"8.8.8.8 8.8.4.4\"\n  - nmcli connection down \"DefaultCon\"\n  - nmcli connection up \"DefaultCon\"\n  # Ansible\n  - ansible-galaxy collection install community.general\n  - ansible-galaxy collection install ansible.posix\n  # Random stuff \n  - echo MOTD control_plane \u003e\u003e /etc/motd\n  # Repos\n  - mkdir /mnt/repos\n  - mount -t iso9660 -o loop /dev/sr0 /mnt/repos\n"
          },
          "sensitive_attributes": [],
          "private": "bnVsbA==",
          "dependencies": [
            "module.control_node.data.template_file.user_data"
          ]
        }
      ]
    },
    {
      "module": "module.control_node",
      "mode": "managed",
      "type": "libvirt_domain",
      "name": "node",
      "provider": "module.control_node.provider[\"registry.terraform.io/dmacvicar/libvirt\"]",
      "instances": [
        {
          "schema_version": 0,
          "attributes": {
            "arch": "x86_64",
            "autostart": false,
            "boot_device": [],
            "cloudinit": "/var/lib/libvirt/images/control_plane.iso;9c7689de-75e6-47fd-95c9-2b7933477241",
            "cmdline": null,
            "console": [
              {
                "source_host": "127.0.0.1",
                "source_path": "",
                "source_service": "0",
                "target_port": "0",
                "target_type": "serial",
                "type": "pty"
              }
            ],
            "coreos_ignition": null,
            "cpu": [
              {
                "mode": "custom"
              }
            ],
            "description": "",
            "disk": [
              {
                "block_device": "",
                "file": "",
                "scsi": false,
                "url": "",
                "volume_id": "/var/lib/libvirt/images/control_plane",
                "wwn": ""
              },
              {
                "block_device": "",
                "file": "/home/mariusz/p2/terra_kvm/meta/repo/repos.iso",
                "scsi": false,
                "url": "",
                "volume_id": "",
                "wwn": ""
              }
            ],
            "emulator": "/usr/libexec/qemu-kvm",
            "filesystem": [],
            "firmware": null,
            "fw_cfg_name": "opt/com.coreos/config",
            "graphics": [
              {
                "autoport": true,
                "listen_address": "127.0.0.1",
                "listen_type": "none",
                "type": "vnc",
                "websocket": 0
              }
            ],
            "id": "5973d63b-b162-4315-a3e6-a903ff31873d",
            "initrd": "",
            "kernel": "",
            "machine": "pc",
            "memory": 2024,
            "metadata": null,
            "name": "control_plane",
            "network_interface": [
              {
                "addresses": [],
                "bridge": "",
                "hostname": "",
                "mac": "52:54:00:5E:09:72",
                "macvtap": "",
                "network_id": "270f76f5-e280-4744-aabb-e4a2de4425e1",
                "network_name": "internal",
                "passthrough": "",
                "vepa": "",
                "wait_for_lease": false
              }
            ],
            "nvram": [],
            "qemu_agent": false,
            "running": true,
            "timeouts": null,
            "tpm": [],
            "type": "kvm",
            "vcpu": 1,
            "video": [],
            "xml": []
          },
          "sensitive_attributes": [],
          "private": "eyJlMmJmYjczMC1lY2FhLTExZTYtOGY4OC0zNDM2M2JjN2M0YzAiOnsiY3JlYXRlIjozMDAwMDAwMDAwMDB9fQ==",
          "dependencies": [
            "module.control_node.data.template_file.user_data",
            "module.control_node.libvirt_cloudinit_disk.commoninit",
            "module.control_node.libvirt_volume.node_cloud_image"
          ]
        }
      ]
    },
    {
      "module": "module.control_node",
      "mode": "managed",
      "type": "libvirt_volume",
      "name": "node_cloud_image",
      "provider": "module.control_node.provider[\"registry.terraform.io/dmacvicar/libvirt\"]",
      "instances": [
        {
          "schema_version": 0,
          "attributes": {
            "base_volume_id": null,
            "base_volume_name": null,
            "base_volume_pool": null,
            "format": "qcow2",
            "id": "/var/lib/libvirt/images/control_plane",
            "name": "control_plane",
            "pool": "default",
            "size": 10737418240,
            "source": "/home/mariusz/p2/terra_kvm/meta/rhel/rhel-8-control-plane.qcow2",
            "xml": []
          },
          "sensitive_attributes": [],
          "private": "bnVsbA=="
        }
      ]
    },
    {
      "module": "module.network",
      "mode": "managed",
      "type": "libvirt_network",
      "name": "internal",
      "provider": "module.network.provider[\"registry.terraform.io/dmacvicar/libvirt\"]",
      "instances": [
        {
          "schema_version": 0,
          "attributes": {
            "addresses": [
              "192.168.2.0/24"
            ],
            "autostart": false,
            "bridge": "virbr0",
            "dhcp": [
              {
                "enabled": true
              }
            ],
            "dns": [
              {
                "enabled": false,
                "forwarders": [],
                "hosts": [],
                "local_only": false,
                "srvs": []
              }
            ],
            "dnsmasq_options": [],
            "domain": null,
            "id": "270f76f5-e280-4744-aabb-e4a2de4425e1",
            "mode": "nat",
            "mtu": null,
            "name": "internal",
            "routes": [],
            "xml": []
          },
          "sensitive_attributes": [],
          "private": "bnVsbA=="
        }
      ]
    }
  ],
  "check_results": null
}
